// !$*UTF8*$!
{
	archiveVersion = 1;
	classes = {
	};
	objectVersion = 50;
	objects = {

/* Begin PBXBuildFile section */
		3023F9CB2197DEE8004CAF6F /* BattleCupMetadata.swift in Sources */ = {isa = PBXBuildFile; fileRef = 3023F9CA2197DEE8004CAF6F /* BattleCupMetadata.swift */; };
		3036A765219618AF0084ECE9 /* AppDelegate.swift in Sources */ = {isa = PBXBuildFile; fileRef = 3036A764219618AF0084ECE9 /* AppDelegate.swift */; };
		3036A76C219618B10084ECE9 /* Assets.xcassets in Resources */ = {isa = PBXBuildFile; fileRef = 3036A76B219618B10084ECE9 /* Assets.xcassets */; };
		3036A77A219618B10084ECE9 /* TournamentTests.swift in Sources */ = {isa = PBXBuildFile; fileRef = 3036A779219618B10084ECE9 /* TournamentTests.swift */; };
		3036A785219618B10084ECE9 /* TournamentUITests.swift in Sources */ = {isa = PBXBuildFile; fileRef = 3036A784219618B10084ECE9 /* TournamentUITests.swift */; };
		3036A7A7219622AD0084ECE9 /* UInt64Extensions.swift in Sources */ = {isa = PBXBuildFile; fileRef = 3036A7A6219622AD0084ECE9 /* UInt64Extensions.swift */; };
		3036A7AE2196237F0084ECE9 /* ImageManager.swift in Sources */ = {isa = PBXBuildFile; fileRef = 3036A7AA2196237F0084ECE9 /* ImageManager.swift */; };
		3036A7AF2196237F0084ECE9 /* DecodeOperation.swift in Sources */ = {isa = PBXBuildFile; fileRef = 3036A7AB2196237F0084ECE9 /* DecodeOperation.swift */; };
		3036A7B02196237F0084ECE9 /* ImageRequest.swift in Sources */ = {isa = PBXBuildFile; fileRef = 3036A7AC2196237F0084ECE9 /* ImageRequest.swift */; };
		3036A7B12196237F0084ECE9 /* AlertPresenter.swift in Sources */ = {isa = PBXBuildFile; fileRef = 3036A7AD2196237F0084ECE9 /* AlertPresenter.swift */; };
		3036A7B6219626F70084ECE9 /* ODConstants.swift in Sources */ = {isa = PBXBuildFile; fileRef = 3036A7B5219626F70084ECE9 /* ODConstants.swift */; };
		3036A7B8219629850084ECE9 /* GenericRestService.swift in Sources */ = {isa = PBXBuildFile; fileRef = 3036A7B7219629850084ECE9 /* GenericRestService.swift */; };
		3036A7C221962F770084ECE9 /* HomeViewController.swift in Sources */ = {isa = PBXBuildFile; fileRef = 3036A7C121962F770084ECE9 /* HomeViewController.swift */; };
		3036A7CF219643550084ECE9 /* ProMatchesViewController.swift in Sources */ = {isa = PBXBuildFile; fileRef = 3036A7CE219643550084ECE9 /* ProMatchesViewController.swift */; };
		3036A7D1219643FE0084ECE9 /* ProMatchesView.swift in Sources */ = {isa = PBXBuildFile; fileRef = 3036A7D0219643FE0084ECE9 /* ProMatchesView.swift */; };
		3036A7D32196440E0084ECE9 /* ProMatchTableViewCell.swift in Sources */ = {isa = PBXBuildFile; fileRef = 3036A7D22196440E0084ECE9 /* ProMatchTableViewCell.swift */; };
		3036A7D5219644180084ECE9 /* ProMatchesViewModel.swift in Sources */ = {isa = PBXBuildFile; fileRef = 3036A7D4219644180084ECE9 /* ProMatchesViewModel.swift */; };
		3036A7D7219644500084ECE9 /* BaseView.swift in Sources */ = {isa = PBXBuildFile; fileRef = 3036A7D6219644500084ECE9 /* BaseView.swift */; };
		3036A7DB219646F50084ECE9 /* ProMatch.swift in Sources */ = {isa = PBXBuildFile; fileRef = 3036A7DA219646F50084ECE9 /* ProMatch.swift */; };
		3036A7DD21964C3A0084ECE9 /* BaseTableViewCell.swift in Sources */ = {isa = PBXBuildFile; fileRef = 3036A7DC21964C3A0084ECE9 /* BaseTableViewCell.swift */; };
		3036A7E121965E5A0084ECE9 /* DateExtension.swift in Sources */ = {isa = PBXBuildFile; fileRef = 3036A7E021965E5A0084ECE9 /* DateExtension.swift */; };
		3036A7E321965F010084ECE9 /* ProMatchObjectViewModel.swift in Sources */ = {isa = PBXBuildFile; fileRef = 3036A7E221965F010084ECE9 /* ProMatchObjectViewModel.swift */; };
		3036A7E521965F2F0084ECE9 /* BaseObjectViewModel.swift in Sources */ = {isa = PBXBuildFile; fileRef = 3036A7E421965F2F0084ECE9 /* BaseObjectViewModel.swift */; };
		3036A7E8219668270084ECE9 /* MatchDetailViewController.swift in Sources */ = {isa = PBXBuildFile; fileRef = 3036A7E7219668270084ECE9 /* MatchDetailViewController.swift */; };
		3036A7EB219668520084ECE9 /* PlayerSlotTableViewCell.swift in Sources */ = {isa = PBXBuildFile; fileRef = 3036A7EA219668520084ECE9 /* PlayerSlotTableViewCell.swift */; };
		3036A7ED2196686A0084ECE9 /* MatchDetailView.swift in Sources */ = {isa = PBXBuildFile; fileRef = 3036A7EC2196686A0084ECE9 /* MatchDetailView.swift */; };
		3036A7EF219668780084ECE9 /* MatchDetailViewModel.swift in Sources */ = {isa = PBXBuildFile; fileRef = 3036A7EE219668780084ECE9 /* MatchDetailViewModel.swift */; };
		3036A7F121966A120084ECE9 /* MatchDetail.swift in Sources */ = {isa = PBXBuildFile; fileRef = 3036A7F021966A120084ECE9 /* MatchDetail.swift */; };
		3036A7F921966BBA0084ECE9 /* GameMode.swift in Sources */ = {isa = PBXBuildFile; fileRef = 3036A7F521966BBA0084ECE9 /* GameMode.swift */; };
		3036A7FA21966BBA0084ECE9 /* FactionSlot.swift in Sources */ = {isa = PBXBuildFile; fileRef = 3036A7F621966BBA0084ECE9 /* FactionSlot.swift */; };
		3036A7FB21966BBA0084ECE9 /* LobbyType.swift in Sources */ = {isa = PBXBuildFile; fileRef = 3036A7F721966BBA0084ECE9 /* LobbyType.swift */; };
		3036A7FC21966BBA0084ECE9 /* MatchEnums.swift in Sources */ = {isa = PBXBuildFile; fileRef = 3036A7F821966BBA0084ECE9 /* MatchEnums.swift */; };
		3036A7FE21966C190084ECE9 /* MatchPlayerMetaData.swift in Sources */ = {isa = PBXBuildFile; fileRef = 3036A7FD21966C190084ECE9 /* MatchPlayerMetaData.swift */; };
		3051C2EE21976D3900D9390C /* MatchDetailHeaderView.swift in Sources */ = {isa = PBXBuildFile; fileRef = 3051C2ED21976D3900D9390C /* MatchDetailHeaderView.swift */; };
		3051C2F421977F7100D9390C /* MatchDetailObjectViewModel.swift in Sources */ = {isa = PBXBuildFile; fileRef = 3051C2F321977F7100D9390C /* MatchDetailObjectViewModel.swift */; };
		3051C2F62197943000D9390C /* League.swift in Sources */ = {isa = PBXBuildFile; fileRef = 3051C2F52197943000D9390C /* League.swift */; };
		3051C2F82197964400D9390C /* Team.swift in Sources */ = {isa = PBXBuildFile; fileRef = 3051C2F72197964400D9390C /* Team.swift */; };
		3059F90E219CAD98003F1050 /* DateUtil.swift in Sources */ = {isa = PBXBuildFile; fileRef = 3059F90D219CAD98003F1050 /* DateUtil.swift */; };
		3059F915219CB8DC003F1050 /* MBProgressHUD.m in Sources */ = {isa = PBXBuildFile; fileRef = 3059F914219CB8DC003F1050 /* MBProgressHUD.m */; };
		3059F917219CB981003F1050 /* MBProgressHUDExtensions.swift in Sources */ = {isa = PBXBuildFile; fileRef = 3059F916219CB981003F1050 /* MBProgressHUDExtensions.swift */; };
		3059F91B219CC961003F1050 /* CircleImageView.swift in Sources */ = {isa = PBXBuildFile; fileRef = 3059F91A219CC961003F1050 /* CircleImageView.swift */; };
		3059F91E219CD37B003F1050 /* Hero.swift in Sources */ = {isa = PBXBuildFile; fileRef = 3059F91D219CD37B003F1050 /* Hero.swift */; };
		3059F920219CD38B003F1050 /* HeroList.swift in Sources */ = {isa = PBXBuildFile; fileRef = 3059F91F219CD38B003F1050 /* HeroList.swift */; };
		3059F922219CD3A2003F1050 /* ItemList.swift in Sources */ = {isa = PBXBuildFile; fileRef = 3059F921219CD3A2003F1050 /* ItemList.swift */; };
		3059F925219CD3EE003F1050 /* item_ids.json in Resources */ = {isa = PBXBuildFile; fileRef = 3059F924219CD3EE003F1050 /* item_ids.json */; };
		3059F927219CD49A003F1050 /* LocalJSONParser.swift in Sources */ = {isa = PBXBuildFile; fileRef = 3059F926219CD49A003F1050 /* LocalJSONParser.swift */; };
		3059F92A219CD526003F1050 /* StartUpViewController.swift in Sources */ = {isa = PBXBuildFile; fileRef = 3059F929219CD526003F1050 /* StartUpViewController.swift */; };
		3059F92C219CD574003F1050 /* StartUpViewModel.swift in Sources */ = {isa = PBXBuildFile; fileRef = 3059F92B219CD574003F1050 /* StartUpViewModel.swift */; };
		3059F92E219CD5A9003F1050 /* HeroService.swift in Sources */ = {isa = PBXBuildFile; fileRef = 3059F92D219CD5A9003F1050 /* HeroService.swift */; };
		3059F930219CD666003F1050 /* ItemService.swift in Sources */ = {isa = PBXBuildFile; fileRef = 3059F92F219CD666003F1050 /* ItemService.swift */; };
		30A72C1E219CE512003D56B8 /* SizeConstants.swift in Sources */ = {isa = PBXBuildFile; fileRef = 30A72C1D219CE512003D56B8 /* SizeConstants.swift */; };
		30A72C20219CF4D2003D56B8 /* Role.swift in Sources */ = {isa = PBXBuildFile; fileRef = 30A72C1F219CF4D2003D56B8 /* Role.swift */; };
		30A72C25219D0C37003D56B8 /* Player.swift in Sources */ = {isa = PBXBuildFile; fileRef = 30A72C24219D0C37003D56B8 /* Player.swift */; };
		30A72C27219D0D01003D56B8 /* PlayerService.swift in Sources */ = {isa = PBXBuildFile; fileRef = 30A72C26219D0D01003D56B8 /* PlayerService.swift */; };
		30A72C2B219D272C003D56B8 /* BattleCupViewController.swift in Sources */ = {isa = PBXBuildFile; fileRef = 30A72C2A219D272C003D56B8 /* BattleCupViewController.swift */; };
		30A72C2D219D2735003D56B8 /* ProfileViewController.swift in Sources */ = {isa = PBXBuildFile; fileRef = 30A72C2C219D2735003D56B8 /* ProfileViewController.swift */; };
		E483B56F925E32C49FB79A1F /* Pods_Tournament.framework in Frameworks */ = {isa = PBXBuildFile; fileRef = 26F9AA3556C55E770F1FDB7E /* Pods_Tournament.framework */; };
/* End PBXBuildFile section */

/* Begin PBXContainerItemProxy section */
		3036A776219618B10084ECE9 /* PBXContainerItemProxy */ = {
			isa = PBXContainerItemProxy;
			containerPortal = 3036A759219618AF0084ECE9 /* Project object */;
			proxyType = 1;
			remoteGlobalIDString = 3036A760219618AF0084ECE9;
			remoteInfo = Tournament;
		};
		3036A781219618B10084ECE9 /* PBXContainerItemProxy */ = {
			isa = PBXContainerItemProxy;
			containerPortal = 3036A759219618AF0084ECE9 /* Project object */;
			proxyType = 1;
			remoteGlobalIDString = 3036A760219618AF0084ECE9;
			remoteInfo = Tournament;
		};
/* End PBXContainerItemProxy section */

/* Begin PBXFileReference section */
		080A074E54246D31DC6CC5DB /* Pods-Tournament.release.xcconfig */ = {isa = PBXFileReference; includeInIndex = 1; lastKnownFileType = text.xcconfig; name = "Pods-Tournament.release.xcconfig"; path = "Pods/Target Support Files/Pods-Tournament/Pods-Tournament.release.xcconfig"; sourceTree = "<group>"; };
		26F9AA3556C55E770F1FDB7E /* Pods_Tournament.framework */ = {isa = PBXFileReference; explicitFileType = wrapper.framework; includeInIndex = 0; path = Pods_Tournament.framework; sourceTree = BUILT_PRODUCTS_DIR; };
		3023F9CA2197DEE8004CAF6F /* BattleCupMetadata.swift */ = {isa = PBXFileReference; lastKnownFileType = sourcecode.swift; path = BattleCupMetadata.swift; sourceTree = "<group>"; };
		3036A761219618AF0084ECE9 /* Tournament.app */ = {isa = PBXFileReference; explicitFileType = wrapper.application; includeInIndex = 0; path = Tournament.app; sourceTree = BUILT_PRODUCTS_DIR; };
		3036A764219618AF0084ECE9 /* AppDelegate.swift */ = {isa = PBXFileReference; lastKnownFileType = sourcecode.swift; path = AppDelegate.swift; sourceTree = "<group>"; };
		3036A76B219618B10084ECE9 /* Assets.xcassets */ = {isa = PBXFileReference; lastKnownFileType = folder.assetcatalog; path = Assets.xcassets; sourceTree = "<group>"; };
		3036A770219618B10084ECE9 /* Info.plist */ = {isa = PBXFileReference; lastKnownFileType = text.plist.xml; path = Info.plist; sourceTree = "<group>"; };
		3036A775219618B10084ECE9 /* TournamentTests.xctest */ = {isa = PBXFileReference; explicitFileType = wrapper.cfbundle; includeInIndex = 0; path = TournamentTests.xctest; sourceTree = BUILT_PRODUCTS_DIR; };
		3036A779219618B10084ECE9 /* TournamentTests.swift */ = {isa = PBXFileReference; lastKnownFileType = sourcecode.swift; path = TournamentTests.swift; sourceTree = "<group>"; };
		3036A77B219618B10084ECE9 /* Info.plist */ = {isa = PBXFileReference; lastKnownFileType = text.plist.xml; path = Info.plist; sourceTree = "<group>"; };
		3036A780219618B10084ECE9 /* TournamentUITests.xctest */ = {isa = PBXFileReference; explicitFileType = wrapper.cfbundle; includeInIndex = 0; path = TournamentUITests.xctest; sourceTree = BUILT_PRODUCTS_DIR; };
		3036A784219618B10084ECE9 /* TournamentUITests.swift */ = {isa = PBXFileReference; lastKnownFileType = sourcecode.swift; path = TournamentUITests.swift; sourceTree = "<group>"; };
		3036A786219618B10084ECE9 /* Info.plist */ = {isa = PBXFileReference; lastKnownFileType = text.plist.xml; path = Info.plist; sourceTree = "<group>"; };
		3036A7A6219622AD0084ECE9 /* UInt64Extensions.swift */ = {isa = PBXFileReference; fileEncoding = 4; lastKnownFileType = sourcecode.swift; path = UInt64Extensions.swift; sourceTree = "<group>"; };
		3036A7AA2196237F0084ECE9 /* ImageManager.swift */ = {isa = PBXFileReference; fileEncoding = 4; lastKnownFileType = sourcecode.swift; path = ImageManager.swift; sourceTree = "<group>"; };
		3036A7AB2196237F0084ECE9 /* DecodeOperation.swift */ = {isa = PBXFileReference; fileEncoding = 4; lastKnownFileType = sourcecode.swift; path = DecodeOperation.swift; sourceTree = "<group>"; };
		3036A7AC2196237F0084ECE9 /* ImageRequest.swift */ = {isa = PBXFileReference; fileEncoding = 4; lastKnownFileType = sourcecode.swift; path = ImageRequest.swift; sourceTree = "<group>"; };
		3036A7AD2196237F0084ECE9 /* AlertPresenter.swift */ = {isa = PBXFileReference; fileEncoding = 4; lastKnownFileType = sourcecode.swift; path = AlertPresenter.swift; sourceTree = "<group>"; };
		3036A7B5219626F70084ECE9 /* ODConstants.swift */ = {isa = PBXFileReference; lastKnownFileType = sourcecode.swift; path = ODConstants.swift; sourceTree = "<group>"; };
		3036A7B7219629850084ECE9 /* GenericRestService.swift */ = {isa = PBXFileReference; fileEncoding = 4; lastKnownFileType = sourcecode.swift; path = GenericRestService.swift; sourceTree = "<group>"; };
		3036A7C121962F770084ECE9 /* HomeViewController.swift */ = {isa = PBXFileReference; lastKnownFileType = sourcecode.swift; path = HomeViewController.swift; sourceTree = "<group>"; };
		3036A7CE219643550084ECE9 /* ProMatchesViewController.swift */ = {isa = PBXFileReference; lastKnownFileType = sourcecode.swift; path = ProMatchesViewController.swift; sourceTree = "<group>"; };
		3036A7D0219643FE0084ECE9 /* ProMatchesView.swift */ = {isa = PBXFileReference; lastKnownFileType = sourcecode.swift; path = ProMatchesView.swift; sourceTree = "<group>"; };
		3036A7D22196440E0084ECE9 /* ProMatchTableViewCell.swift */ = {isa = PBXFileReference; lastKnownFileType = sourcecode.swift; path = ProMatchTableViewCell.swift; sourceTree = "<group>"; };
		3036A7D4219644180084ECE9 /* ProMatchesViewModel.swift */ = {isa = PBXFileReference; lastKnownFileType = sourcecode.swift; path = ProMatchesViewModel.swift; sourceTree = "<group>"; };
		3036A7D6219644500084ECE9 /* BaseView.swift */ = {isa = PBXFileReference; lastKnownFileType = sourcecode.swift; path = BaseView.swift; sourceTree = "<group>"; };
		3036A7DA219646F50084ECE9 /* ProMatch.swift */ = {isa = PBXFileReference; lastKnownFileType = sourcecode.swift; path = ProMatch.swift; sourceTree = "<group>"; };
		3036A7DC21964C3A0084ECE9 /* BaseTableViewCell.swift */ = {isa = PBXFileReference; lastKnownFileType = sourcecode.swift; path = BaseTableViewCell.swift; sourceTree = "<group>"; };
		3036A7E021965E5A0084ECE9 /* DateExtension.swift */ = {isa = PBXFileReference; lastKnownFileType = sourcecode.swift; path = DateExtension.swift; sourceTree = "<group>"; };
		3036A7E221965F010084ECE9 /* ProMatchObjectViewModel.swift */ = {isa = PBXFileReference; lastKnownFileType = sourcecode.swift; path = ProMatchObjectViewModel.swift; sourceTree = "<group>"; };
		3036A7E421965F2F0084ECE9 /* BaseObjectViewModel.swift */ = {isa = PBXFileReference; lastKnownFileType = sourcecode.swift; path = BaseObjectViewModel.swift; sourceTree = "<group>"; };
		3036A7E7219668270084ECE9 /* MatchDetailViewController.swift */ = {isa = PBXFileReference; lastKnownFileType = sourcecode.swift; path = MatchDetailViewController.swift; sourceTree = "<group>"; };
		3036A7EA219668520084ECE9 /* PlayerSlotTableViewCell.swift */ = {isa = PBXFileReference; lastKnownFileType = sourcecode.swift; path = PlayerSlotTableViewCell.swift; sourceTree = "<group>"; };
		3036A7EC2196686A0084ECE9 /* MatchDetailView.swift */ = {isa = PBXFileReference; lastKnownFileType = sourcecode.swift; path = MatchDetailView.swift; sourceTree = "<group>"; };
		3036A7EE219668780084ECE9 /* MatchDetailViewModel.swift */ = {isa = PBXFileReference; lastKnownFileType = sourcecode.swift; path = MatchDetailViewModel.swift; sourceTree = "<group>"; };
		3036A7F021966A120084ECE9 /* MatchDetail.swift */ = {isa = PBXFileReference; lastKnownFileType = sourcecode.swift; path = MatchDetail.swift; sourceTree = "<group>"; };
		3036A7F521966BBA0084ECE9 /* GameMode.swift */ = {isa = PBXFileReference; fileEncoding = 4; lastKnownFileType = sourcecode.swift; path = GameMode.swift; sourceTree = "<group>"; };
		3036A7F621966BBA0084ECE9 /* FactionSlot.swift */ = {isa = PBXFileReference; fileEncoding = 4; lastKnownFileType = sourcecode.swift; path = FactionSlot.swift; sourceTree = "<group>"; };
		3036A7F721966BBA0084ECE9 /* LobbyType.swift */ = {isa = PBXFileReference; fileEncoding = 4; lastKnownFileType = sourcecode.swift; path = LobbyType.swift; sourceTree = "<group>"; };
		3036A7F821966BBA0084ECE9 /* MatchEnums.swift */ = {isa = PBXFileReference; fileEncoding = 4; lastKnownFileType = sourcecode.swift; path = MatchEnums.swift; sourceTree = "<group>"; };
		3036A7FD21966C190084ECE9 /* MatchPlayerMetaData.swift */ = {isa = PBXFileReference; fileEncoding = 4; lastKnownFileType = sourcecode.swift; path = MatchPlayerMetaData.swift; sourceTree = "<group>"; };
		3051C2ED21976D3900D9390C /* MatchDetailHeaderView.swift */ = {isa = PBXFileReference; lastKnownFileType = sourcecode.swift; path = MatchDetailHeaderView.swift; sourceTree = "<group>"; };
		3051C2F321977F7100D9390C /* MatchDetailObjectViewModel.swift */ = {isa = PBXFileReference; lastKnownFileType = sourcecode.swift; path = MatchDetailObjectViewModel.swift; sourceTree = "<group>"; };
		3051C2F52197943000D9390C /* League.swift */ = {isa = PBXFileReference; lastKnownFileType = sourcecode.swift; path = League.swift; sourceTree = "<group>"; };
		3051C2F72197964400D9390C /* Team.swift */ = {isa = PBXFileReference; lastKnownFileType = sourcecode.swift; path = Team.swift; sourceTree = "<group>"; };
		3059F90D219CAD98003F1050 /* DateUtil.swift */ = {isa = PBXFileReference; lastKnownFileType = sourcecode.swift; path = DateUtil.swift; sourceTree = "<group>"; };
		3059F912219CB8DB003F1050 /* Tournament-Bridging-Header.h */ = {isa = PBXFileReference; lastKnownFileType = sourcecode.c.h; path = "Tournament-Bridging-Header.h"; sourceTree = "<group>"; };
		3059F913219CB8DC003F1050 /* MBProgressHUD.h */ = {isa = PBXFileReference; fileEncoding = 4; lastKnownFileType = sourcecode.c.h; path = MBProgressHUD.h; sourceTree = "<group>"; };
		3059F914219CB8DC003F1050 /* MBProgressHUD.m */ = {isa = PBXFileReference; fileEncoding = 4; lastKnownFileType = sourcecode.c.objc; path = MBProgressHUD.m; sourceTree = "<group>"; };
		3059F916219CB981003F1050 /* MBProgressHUDExtensions.swift */ = {isa = PBXFileReference; lastKnownFileType = sourcecode.swift; path = MBProgressHUDExtensions.swift; sourceTree = "<group>"; };
		3059F91A219CC961003F1050 /* CircleImageView.swift */ = {isa = PBXFileReference; lastKnownFileType = sourcecode.swift; path = CircleImageView.swift; sourceTree = "<group>"; };
		3059F91D219CD37B003F1050 /* Hero.swift */ = {isa = PBXFileReference; fileEncoding = 4; lastKnownFileType = sourcecode.swift; path = Hero.swift; sourceTree = "<group>"; };
		3059F91F219CD38B003F1050 /* HeroList.swift */ = {isa = PBXFileReference; fileEncoding = 4; lastKnownFileType = sourcecode.swift; path = HeroList.swift; sourceTree = "<group>"; };
		3059F921219CD3A2003F1050 /* ItemList.swift */ = {isa = PBXFileReference; fileEncoding = 4; lastKnownFileType = sourcecode.swift; path = ItemList.swift; sourceTree = "<group>"; };
		3059F924219CD3EE003F1050 /* item_ids.json */ = {isa = PBXFileReference; fileEncoding = 4; lastKnownFileType = text.json; path = item_ids.json; sourceTree = "<group>"; };
		3059F926219CD49A003F1050 /* LocalJSONParser.swift */ = {isa = PBXFileReference; fileEncoding = 4; lastKnownFileType = sourcecode.swift; path = LocalJSONParser.swift; sourceTree = "<group>"; };
		3059F929219CD526003F1050 /* StartUpViewController.swift */ = {isa = PBXFileReference; lastKnownFileType = sourcecode.swift; path = StartUpViewController.swift; sourceTree = "<group>"; };
		3059F92B219CD574003F1050 /* StartUpViewModel.swift */ = {isa = PBXFileReference; lastKnownFileType = sourcecode.swift; path = StartUpViewModel.swift; sourceTree = "<group>"; };
		3059F92D219CD5A9003F1050 /* HeroService.swift */ = {isa = PBXFileReference; lastKnownFileType = sourcecode.swift; path = HeroService.swift; sourceTree = "<group>"; };
		3059F92F219CD666003F1050 /* ItemService.swift */ = {isa = PBXFileReference; lastKnownFileType = sourcecode.swift; path = ItemService.swift; sourceTree = "<group>"; };
		30A72C1D219CE512003D56B8 /* SizeConstants.swift */ = {isa = PBXFileReference; lastKnownFileType = sourcecode.swift; path = SizeConstants.swift; sourceTree = "<group>"; };
		30A72C1F219CF4D2003D56B8 /* Role.swift */ = {isa = PBXFileReference; lastKnownFileType = sourcecode.swift; path = Role.swift; sourceTree = "<group>"; };
		30A72C24219D0C37003D56B8 /* Player.swift */ = {isa = PBXFileReference; lastKnownFileType = sourcecode.swift; path = Player.swift; sourceTree = "<group>"; };
		30A72C26219D0D01003D56B8 /* PlayerService.swift */ = {isa = PBXFileReference; lastKnownFileType = sourcecode.swift; path = PlayerService.swift; sourceTree = "<group>"; };
		30A72C2A219D272C003D56B8 /* BattleCupViewController.swift */ = {isa = PBXFileReference; lastKnownFileType = sourcecode.swift; path = BattleCupViewController.swift; sourceTree = "<group>"; };
		30A72C2C219D2735003D56B8 /* ProfileViewController.swift */ = {isa = PBXFileReference; lastKnownFileType = sourcecode.swift; path = ProfileViewController.swift; sourceTree = "<group>"; };
		B2321F0212BDBBDE0754F962 /* Pods-Tournament.debug.xcconfig */ = {isa = PBXFileReference; includeInIndex = 1; lastKnownFileType = text.xcconfig; name = "Pods-Tournament.debug.xcconfig"; path = "Pods/Target Support Files/Pods-Tournament/Pods-Tournament.debug.xcconfig"; sourceTree = "<group>"; };
/* End PBXFileReference section */

/* Begin PBXFrameworksBuildPhase section */
		3036A75E219618AF0084ECE9 /* Frameworks */ = {
			isa = PBXFrameworksBuildPhase;
			buildActionMask = 2147483647;
			files = (
				E483B56F925E32C49FB79A1F /* Pods_Tournament.framework in Frameworks */,
			);
			runOnlyForDeploymentPostprocessing = 0;
		};
		3036A772219618B10084ECE9 /* Frameworks */ = {
			isa = PBXFrameworksBuildPhase;
			buildActionMask = 2147483647;
			files = (
			);
			runOnlyForDeploymentPostprocessing = 0;
		};
		3036A77D219618B10084ECE9 /* Frameworks */ = {
			isa = PBXFrameworksBuildPhase;
			buildActionMask = 2147483647;
			files = (
			);
			runOnlyForDeploymentPostprocessing = 0;
		};
/* End PBXFrameworksBuildPhase section */

/* Begin PBXGroup section */
		3036A758219618AF0084ECE9 = {
			isa = PBXGroup;
			children = (
				3036A763219618AF0084ECE9 /* Tournament */,
				3036A778219618B10084ECE9 /* TournamentTests */,
				3036A783219618B10084ECE9 /* TournamentUITests */,
				3036A762219618AF0084ECE9 /* Products */,
				36CB1DA0232AD8DF77613A19 /* Pods */,
				D090CD6DA573AAF4549E4366 /* Frameworks */,
			);
			sourceTree = "<group>";
		};
		3036A762219618AF0084ECE9 /* Products */ = {
			isa = PBXGroup;
			children = (
				3036A761219618AF0084ECE9 /* Tournament.app */,
				3036A775219618B10084ECE9 /* TournamentTests.xctest */,
				3036A780219618B10084ECE9 /* TournamentUITests.xctest */,
			);
			name = Products;
			sourceTree = "<group>";
		};
		3036A763219618AF0084ECE9 /* Tournament */ = {
			isa = PBXGroup;
			children = (
				3036A770219618B10084ECE9 /* Info.plist */,
				3036A764219618AF0084ECE9 /* AppDelegate.swift */,
				3036A76B219618B10084ECE9 /* Assets.xcassets */,
				3059F911219CB8C9003F1050 /* 3rdParty */,
				3036A7C6219639EF0084ECE9 /* BaseClass */,
				3036A7B4219626E50084ECE9 /* Constants */,
				3036A7A5219622AD0084ECE9 /* Extensions */,
				3059F923219CD3EE003F1050 /* JSONS */,
				3036A792219618BD0084ECE9 /* Model */,
				3036A799219622120084ECE9 /* Service */,
				3059F91C219CD326003F1050 /* Singletons */,
				3036A7A82196237F0084ECE9 /* Util */,
				3036A794219618C70084ECE9 /* View Controllers */,
			);
			path = Tournament;
			sourceTree = "<group>";
		};
		3036A778219618B10084ECE9 /* TournamentTests */ = {
			isa = PBXGroup;
			children = (
				3036A779219618B10084ECE9 /* TournamentTests.swift */,
				3036A77B219618B10084ECE9 /* Info.plist */,
			);
			path = TournamentTests;
			sourceTree = "<group>";
		};
		3036A783219618B10084ECE9 /* TournamentUITests */ = {
			isa = PBXGroup;
			children = (
				3036A784219618B10084ECE9 /* TournamentUITests.swift */,
				3036A786219618B10084ECE9 /* Info.plist */,
			);
			path = TournamentUITests;
			sourceTree = "<group>";
		};
		3036A792219618BD0084ECE9 /* Model */ = {
			isa = PBXGroup;
			children = (
				3023F9CA2197DEE8004CAF6F /* BattleCupMetadata.swift */,
				3059F91D219CD37B003F1050 /* Hero.swift */,
				3051C2F52197943000D9390C /* League.swift */,
				3036A7F021966A120084ECE9 /* MatchDetail.swift */,
				3036A7FD21966C190084ECE9 /* MatchPlayerMetaData.swift */,
				3051C2EB2197684A00D9390C /* Object View Models */,
				3036A7DA219646F50084ECE9 /* ProMatch.swift */,
				3051C2F72197964400D9390C /* Team.swift */,
				30A72C24219D0C37003D56B8 /* Player.swift */,
			);
			path = Model;
			sourceTree = "<group>";
		};
		3036A794219618C70084ECE9 /* View Controllers */ = {
			isa = PBXGroup;
			children = (
				30A72C29219D271D003D56B8 /* Profile */,
				30A72C28219D2712003D56B8 /* Battlecup */,
				3059F928219CD519003F1050 /* Start */,
				3036A7E6219668130084ECE9 /* Match Detail */,
				3036A7CC219643200084ECE9 /* Pro Matches */,
				3036A7C121962F770084ECE9 /* HomeViewController.swift */,
			);
			path = "View Controllers";
			sourceTree = "<group>";
		};
		3036A799219622120084ECE9 /* Service */ = {
			isa = PBXGroup;
			children = (
				3036A7B7219629850084ECE9 /* GenericRestService.swift */,
				3059F92D219CD5A9003F1050 /* HeroService.swift */,
				3059F92F219CD666003F1050 /* ItemService.swift */,
				30A72C26219D0D01003D56B8 /* PlayerService.swift */,
			);
			path = Service;
			sourceTree = "<group>";
		};
		3036A7A5219622AD0084ECE9 /* Extensions */ = {
			isa = PBXGroup;
			children = (
				3036A7A6219622AD0084ECE9 /* UInt64Extensions.swift */,
				3036A7E021965E5A0084ECE9 /* DateExtension.swift */,
				3059F916219CB981003F1050 /* MBProgressHUDExtensions.swift */,
			);
			path = Extensions;
			sourceTree = "<group>";
		};
		3036A7A82196237F0084ECE9 /* Util */ = {
			isa = PBXGroup;
			children = (
				3059F926219CD49A003F1050 /* LocalJSONParser.swift */,
				3036A7A92196237F0084ECE9 /* ImageManager */,
				3036A7AD2196237F0084ECE9 /* AlertPresenter.swift */,
				3059F90D219CAD98003F1050 /* DateUtil.swift */,
			);
			path = Util;
			sourceTree = "<group>";
		};
		3036A7A92196237F0084ECE9 /* ImageManager */ = {
			isa = PBXGroup;
			children = (
				3036A7AA2196237F0084ECE9 /* ImageManager.swift */,
				3036A7AB2196237F0084ECE9 /* DecodeOperation.swift */,
				3036A7AC2196237F0084ECE9 /* ImageRequest.swift */,
			);
			path = ImageManager;
			sourceTree = "<group>";
		};
		3036A7B4219626E50084ECE9 /* Constants */ = {
			isa = PBXGroup;
			children = (
				3036A7F421966BBA0084ECE9 /* Enums */,
				3036A7B5219626F70084ECE9 /* ODConstants.swift */,
				30A72C1D219CE512003D56B8 /* SizeConstants.swift */,
			);
			path = Constants;
			sourceTree = "<group>";
		};
		3036A7C6219639EF0084ECE9 /* BaseClass */ = {
			isa = PBXGroup;
			children = (
				3036A7D6219644500084ECE9 /* BaseView.swift */,
				3036A7DC21964C3A0084ECE9 /* BaseTableViewCell.swift */,
				3036A7E421965F2F0084ECE9 /* BaseObjectViewModel.swift */,
				3059F91A219CC961003F1050 /* CircleImageView.swift */,
			);
			path = BaseClass;
			sourceTree = "<group>";
		};
		3036A7CC219643200084ECE9 /* Pro Matches */ = {
			isa = PBXGroup;
			children = (
				3036A7CD2196433E0084ECE9 /* Cells */,
				3036A7CE219643550084ECE9 /* ProMatchesViewController.swift */,
				3036A7D0219643FE0084ECE9 /* ProMatchesView.swift */,
				3036A7D4219644180084ECE9 /* ProMatchesViewModel.swift */,
			);
			path = "Pro Matches";
			sourceTree = "<group>";
		};
		3036A7CD2196433E0084ECE9 /* Cells */ = {
			isa = PBXGroup;
			children = (
				3036A7D22196440E0084ECE9 /* ProMatchTableViewCell.swift */,
			);
			path = Cells;
			sourceTree = "<group>";
		};
		3036A7E6219668130084ECE9 /* Match Detail */ = {
			isa = PBXGroup;
			children = (
				3051C2EC21976D0B00D9390C /* Custom Views */,
				3036A7E92196682D0084ECE9 /* Cells */,
				3036A7E7219668270084ECE9 /* MatchDetailViewController.swift */,
				3036A7EE219668780084ECE9 /* MatchDetailViewModel.swift */,
			);
			path = "Match Detail";
			sourceTree = "<group>";
		};
		3036A7E92196682D0084ECE9 /* Cells */ = {
			isa = PBXGroup;
			children = (
				3036A7EA219668520084ECE9 /* PlayerSlotTableViewCell.swift */,
			);
			path = Cells;
			sourceTree = "<group>";
		};
		3036A7F421966BBA0084ECE9 /* Enums */ = {
			isa = PBXGroup;
			children = (
				3036A7F521966BBA0084ECE9 /* GameMode.swift */,
				3036A7F621966BBA0084ECE9 /* FactionSlot.swift */,
				3036A7F721966BBA0084ECE9 /* LobbyType.swift */,
				3036A7F821966BBA0084ECE9 /* MatchEnums.swift */,
				30A72C1F219CF4D2003D56B8 /* Role.swift */,
			);
			path = Enums;
			sourceTree = "<group>";
		};
		3051C2EB2197684A00D9390C /* Object View Models */ = {
			isa = PBXGroup;
			children = (
				3036A7E221965F010084ECE9 /* ProMatchObjectViewModel.swift */,
				3051C2F321977F7100D9390C /* MatchDetailObjectViewModel.swift */,
			);
			path = "Object View Models";
			sourceTree = "<group>";
		};
		3051C2EC21976D0B00D9390C /* Custom Views */ = {
			isa = PBXGroup;
			children = (
				3051C2ED21976D3900D9390C /* MatchDetailHeaderView.swift */,
				3036A7EC2196686A0084ECE9 /* MatchDetailView.swift */,
			);
			path = "Custom Views";
			sourceTree = "<group>";
		};
		3059F911219CB8C9003F1050 /* 3rdParty */ = {
			isa = PBXGroup;
			children = (
				3059F913219CB8DC003F1050 /* MBProgressHUD.h */,
				3059F914219CB8DC003F1050 /* MBProgressHUD.m */,
				3059F912219CB8DB003F1050 /* Tournament-Bridging-Header.h */,
			);
			path = 3rdParty;
			sourceTree = "<group>";
		};
		3059F91C219CD326003F1050 /* Singletons */ = {
			isa = PBXGroup;
			children = (
				3059F91F219CD38B003F1050 /* HeroList.swift */,
				3059F921219CD3A2003F1050 /* ItemList.swift */,
			);
			path = Singletons;
			sourceTree = "<group>";
		};
		3059F923219CD3EE003F1050 /* JSONS */ = {
			isa = PBXGroup;
			children = (
				3059F924219CD3EE003F1050 /* item_ids.json */,
			);
			path = JSONS;
			sourceTree = "<group>";
		};
		3059F928219CD519003F1050 /* Start */ = {
			isa = PBXGroup;
			children = (
				3059F929219CD526003F1050 /* StartUpViewController.swift */,
				3059F92B219CD574003F1050 /* StartUpViewModel.swift */,
			);
			path = Start;
			sourceTree = "<group>";
		};
		30A72C28219D2712003D56B8 /* Battlecup */ = {
			isa = PBXGroup;
			children = (
				30A72C2A219D272C003D56B8 /* BattleCupViewController.swift */,
			);
			path = Battlecup;
			sourceTree = "<group>";
		};
		30A72C29219D271D003D56B8 /* Profile */ = {
			isa = PBXGroup;
			children = (
				30A72C2C219D2735003D56B8 /* ProfileViewController.swift */,
			);
			path = Profile;
			sourceTree = "<group>";
		};
		36CB1DA0232AD8DF77613A19 /* Pods */ = {
			isa = PBXGroup;
			children = (
				B2321F0212BDBBDE0754F962 /* Pods-Tournament.debug.xcconfig */,
				080A074E54246D31DC6CC5DB /* Pods-Tournament.release.xcconfig */,
			);
			name = Pods;
			sourceTree = "<group>";
		};
		D090CD6DA573AAF4549E4366 /* Frameworks */ = {
			isa = PBXGroup;
			children = (
				26F9AA3556C55E770F1FDB7E /* Pods_Tournament.framework */,
			);
			name = Frameworks;
			sourceTree = "<group>";
		};
/* End PBXGroup section */

/* Begin PBXNativeTarget section */
		3036A760219618AF0084ECE9 /* Tournament */ = {
			isa = PBXNativeTarget;
			buildConfigurationList = 3036A789219618B10084ECE9 /* Build configuration list for PBXNativeTarget "Tournament" */;
			buildPhases = (
				3BEA019C39AAAB178BFABF3E /* [CP] Check Pods Manifest.lock */,
				3036A75D219618AF0084ECE9 /* Sources */,
				3036A75E219618AF0084ECE9 /* Frameworks */,
				3036A75F219618AF0084ECE9 /* Resources */,
				B8F925321D79EE2018A2D1C0 /* [CP] Embed Pods Frameworks */,
			);
			buildRules = (
			);
			dependencies = (
			);
			name = Tournament;
			productName = Tournament;
			productReference = 3036A761219618AF0084ECE9 /* Tournament.app */;
			productType = "com.apple.product-type.application";
		};
		3036A774219618B10084ECE9 /* TournamentTests */ = {
			isa = PBXNativeTarget;
			buildConfigurationList = 3036A78C219618B10084ECE9 /* Build configuration list for PBXNativeTarget "TournamentTests" */;
			buildPhases = (
				3036A771219618B10084ECE9 /* Sources */,
				3036A772219618B10084ECE9 /* Frameworks */,
				3036A773219618B10084ECE9 /* Resources */,
			);
			buildRules = (
			);
			dependencies = (
				3036A777219618B10084ECE9 /* PBXTargetDependency */,
			);
			name = TournamentTests;
			productName = TournamentTests;
			productReference = 3036A775219618B10084ECE9 /* TournamentTests.xctest */;
			productType = "com.apple.product-type.bundle.unit-test";
		};
		3036A77F219618B10084ECE9 /* TournamentUITests */ = {
			isa = PBXNativeTarget;
			buildConfigurationList = 3036A78F219618B10084ECE9 /* Build configuration list for PBXNativeTarget "TournamentUITests" */;
			buildPhases = (
				3036A77C219618B10084ECE9 /* Sources */,
				3036A77D219618B10084ECE9 /* Frameworks */,
				3036A77E219618B10084ECE9 /* Resources */,
			);
			buildRules = (
			);
			dependencies = (
				3036A782219618B10084ECE9 /* PBXTargetDependency */,
			);
			name = TournamentUITests;
			productName = TournamentUITests;
			productReference = 3036A780219618B10084ECE9 /* TournamentUITests.xctest */;
			productType = "com.apple.product-type.bundle.ui-testing";
		};
/* End PBXNativeTarget section */

/* Begin PBXProject section */
		3036A759219618AF0084ECE9 /* Project object */ = {
			isa = PBXProject;
			attributes = {
				LastSwiftUpdateCheck = 1000;
				LastUpgradeCheck = 1000;
				ORGANIZATIONNAME = Danny;
				TargetAttributes = {
					3036A760219618AF0084ECE9 = {
						CreatedOnToolsVersion = 10.0;
						LastSwiftMigration = 1000;
					};
					3036A774219618B10084ECE9 = {
						CreatedOnToolsVersion = 10.0;
						TestTargetID = 3036A760219618AF0084ECE9;
					};
					3036A77F219618B10084ECE9 = {
						CreatedOnToolsVersion = 10.0;
						TestTargetID = 3036A760219618AF0084ECE9;
					};
				};
			};
			buildConfigurationList = 3036A75C219618AF0084ECE9 /* Build configuration list for PBXProject "Tournament" */;
			compatibilityVersion = "Xcode 9.3";
			developmentRegion = en;
			hasScannedForEncodings = 0;
			knownRegions = (
				en,
				Base,
			);
			mainGroup = 3036A758219618AF0084ECE9;
			productRefGroup = 3036A762219618AF0084ECE9 /* Products */;
			projectDirPath = "";
			projectRoot = "";
			targets = (
				3036A760219618AF0084ECE9 /* Tournament */,
				3036A774219618B10084ECE9 /* TournamentTests */,
				3036A77F219618B10084ECE9 /* TournamentUITests */,
			);
		};
/* End PBXProject section */

/* Begin PBXResourcesBuildPhase section */
		3036A75F219618AF0084ECE9 /* Resources */ = {
			isa = PBXResourcesBuildPhase;
			buildActionMask = 2147483647;
			files = (
				3036A76C219618B10084ECE9 /* Assets.xcassets in Resources */,
				3059F925219CD3EE003F1050 /* item_ids.json in Resources */,
			);
			runOnlyForDeploymentPostprocessing = 0;
		};
		3036A773219618B10084ECE9 /* Resources */ = {
			isa = PBXResourcesBuildPhase;
			buildActionMask = 2147483647;
			files = (
			);
			runOnlyForDeploymentPostprocessing = 0;
		};
		3036A77E219618B10084ECE9 /* Resources */ = {
			isa = PBXResourcesBuildPhase;
			buildActionMask = 2147483647;
			files = (
			);
			runOnlyForDeploymentPostprocessing = 0;
		};
/* End PBXResourcesBuildPhase section */

/* Begin PBXShellScriptBuildPhase section */
		3BEA019C39AAAB178BFABF3E /* [CP] Check Pods Manifest.lock */ = {
			isa = PBXShellScriptBuildPhase;
			buildActionMask = 2147483647;
			files = (
			);
			inputFileListPaths = (
			);
			inputPaths = (
				"${PODS_PODFILE_DIR_PATH}/Podfile.lock",
				"${PODS_ROOT}/Manifest.lock",
			);
			name = "[CP] Check Pods Manifest.lock";
			outputFileListPaths = (
			);
			outputPaths = (
				"$(DERIVED_FILE_DIR)/Pods-Tournament-checkManifestLockResult.txt",
			);
			runOnlyForDeploymentPostprocessing = 0;
			shellPath = /bin/sh;
			shellScript = "diff \"${PODS_PODFILE_DIR_PATH}/Podfile.lock\" \"${PODS_ROOT}/Manifest.lock\" > /dev/null\nif [ $? != 0 ] ; then\n    # print error to STDERR\n    echo \"error: The sandbox is not in sync with the Podfile.lock. Run 'pod install' or update your CocoaPods installation.\" >&2\n    exit 1\nfi\n# This output is used by Xcode 'outputs' to avoid re-running this script phase.\necho \"SUCCESS\" > \"${SCRIPT_OUTPUT_FILE_0}\"\n";
			showEnvVarsInLog = 0;
		};
		B8F925321D79EE2018A2D1C0 /* [CP] Embed Pods Frameworks */ = {
			isa = PBXShellScriptBuildPhase;
			buildActionMask = 2147483647;
			files = (
			);
			inputFileListPaths = (
			);
			inputPaths = (
				"${SRCROOT}/Pods/Target Support Files/Pods-Tournament/Pods-Tournament-frameworks.sh",
				"${BUILT_PRODUCTS_DIR}/Alamofire/Alamofire.framework",
				"${BUILT_PRODUCTS_DIR}/AlamofireImage/AlamofireImage.framework",
				"${BUILT_PRODUCTS_DIR}/RxCocoa/RxCocoa.framework",
				"${BUILT_PRODUCTS_DIR}/RxSwift/RxSwift.framework",
				"${BUILT_PRODUCTS_DIR}/RxSwiftUtilities/RxSwiftUtilities.framework",
				"${BUILT_PRODUCTS_DIR}/SnapKit/SnapKit.framework",
			);
			name = "[CP] Embed Pods Frameworks";
			outputFileListPaths = (
			);
			outputPaths = (
				"${TARGET_BUILD_DIR}/${FRAMEWORKS_FOLDER_PATH}/Alamofire.framework",
				"${TARGET_BUILD_DIR}/${FRAMEWORKS_FOLDER_PATH}/AlamofireImage.framework",
				"${TARGET_BUILD_DIR}/${FRAMEWORKS_FOLDER_PATH}/RxCocoa.framework",
				"${TARGET_BUILD_DIR}/${FRAMEWORKS_FOLDER_PATH}/RxSwift.framework",
				"${TARGET_BUILD_DIR}/${FRAMEWORKS_FOLDER_PATH}/RxSwiftUtilities.framework",
				"${TARGET_BUILD_DIR}/${FRAMEWORKS_FOLDER_PATH}/SnapKit.framework",
			);
			runOnlyForDeploymentPostprocessing = 0;
			shellPath = /bin/sh;
			shellScript = "\"${SRCROOT}/Pods/Target Support Files/Pods-Tournament/Pods-Tournament-frameworks.sh\"\n";
			showEnvVarsInLog = 0;
		};
/* End PBXShellScriptBuildPhase section */

/* Begin PBXSourcesBuildPhase section */
		3036A75D219618AF0084ECE9 /* Sources */ = {
			isa = PBXSourcesBuildPhase;
			buildActionMask = 2147483647;
			files = (
				3036A7DD21964C3A0084ECE9 /* BaseTableViewCell.swift in Sources */,
				3036A7ED2196686A0084ECE9 /* MatchDetailView.swift in Sources */,
				3036A7E521965F2F0084ECE9 /* BaseObjectViewModel.swift in Sources */,
				3036A7B02196237F0084ECE9 /* ImageRequest.swift in Sources */,
				3059F92A219CD526003F1050 /* StartUpViewController.swift in Sources */,
				3036A7FC21966BBA0084ECE9 /* MatchEnums.swift in Sources */,
				3036A7FB21966BBA0084ECE9 /* LobbyType.swift in Sources */,
				3059F920219CD38B003F1050 /* HeroList.swift in Sources */,
				30A72C20219CF4D2003D56B8 /* Role.swift in Sources */,
				3036A7F121966A120084ECE9 /* MatchDetail.swift in Sources */,
				3051C2F82197964400D9390C /* Team.swift in Sources */,
				30A72C27219D0D01003D56B8 /* PlayerService.swift in Sources */,
				3059F922219CD3A2003F1050 /* ItemList.swift in Sources */,
				3059F92C219CD574003F1050 /* StartUpViewModel.swift in Sources */,
				3059F917219CB981003F1050 /* MBProgressHUDExtensions.swift in Sources */,
				3059F927219CD49A003F1050 /* LocalJSONParser.swift in Sources */,
				3036A7AE2196237F0084ECE9 /* ImageManager.swift in Sources */,
				3023F9CB2197DEE8004CAF6F /* BattleCupMetadata.swift in Sources */,
				30A72C25219D0C37003D56B8 /* Player.swift in Sources */,
				3036A7A7219622AD0084ECE9 /* UInt64Extensions.swift in Sources */,
				3036A7D7219644500084ECE9 /* BaseView.swift in Sources */,
				3036A7FA21966BBA0084ECE9 /* FactionSlot.swift in Sources */,
				3036A7B6219626F70084ECE9 /* ODConstants.swift in Sources */,
				3036A7B12196237F0084ECE9 /* AlertPresenter.swift in Sources */,
				3036A7C221962F770084ECE9 /* HomeViewController.swift in Sources */,
				3036A7EB219668520084ECE9 /* PlayerSlotTableViewCell.swift in Sources */,
				30A72C2B219D272C003D56B8 /* BattleCupViewController.swift in Sources */,
				3059F91B219CC961003F1050 /* CircleImageView.swift in Sources */,
				3036A7D1219643FE0084ECE9 /* ProMatchesView.swift in Sources */,
				3036A7FE21966C190084ECE9 /* MatchPlayerMetaData.swift in Sources */,
				3036A7D5219644180084ECE9 /* ProMatchesViewModel.swift in Sources */,
				30A72C2D219D2735003D56B8 /* ProfileViewController.swift in Sources */,
				3036A7EF219668780084ECE9 /* MatchDetailViewModel.swift in Sources */,
				3059F915219CB8DC003F1050 /* MBProgressHUD.m in Sources */,
				3036A7B8219629850084ECE9 /* GenericRestService.swift in Sources */,
				3059F92E219CD5A9003F1050 /* HeroService.swift in Sources */,
				3036A765219618AF0084ECE9 /* AppDelegate.swift in Sources */,
				3036A7F921966BBA0084ECE9 /* GameMode.swift in Sources */,
				3036A7E8219668270084ECE9 /* MatchDetailViewController.swift in Sources */,
				3051C2EE21976D3900D9390C /* MatchDetailHeaderView.swift in Sources */,
				3036A7E121965E5A0084ECE9 /* DateExtension.swift in Sources */,
				3036A7D32196440E0084ECE9 /* ProMatchTableViewCell.swift in Sources */,
				30A72C1E219CE512003D56B8 /* SizeConstants.swift in Sources */,
				3036A7E321965F010084ECE9 /* ProMatchObjectViewModel.swift in Sources */,
				3051C2F421977F7100D9390C /* MatchDetailObjectViewModel.swift in Sources */,
				3059F930219CD666003F1050 /* ItemService.swift in Sources */,
				3036A7CF219643550084ECE9 /* ProMatchesViewController.swift in Sources */,
				3059F91E219CD37B003F1050 /* Hero.swift in Sources */,
				3036A7AF2196237F0084ECE9 /* DecodeOperation.swift in Sources */,
				3059F90E219CAD98003F1050 /* DateUtil.swift in Sources */,
				3051C2F62197943000D9390C /* League.swift in Sources */,
				3036A7DB219646F50084ECE9 /* ProMatch.swift in Sources */,
			);
			runOnlyForDeploymentPostprocessing = 0;
		};
		3036A771219618B10084ECE9 /* Sources */ = {
			isa = PBXSourcesBuildPhase;
			buildActionMask = 2147483647;
			files = (
				3036A77A219618B10084ECE9 /* TournamentTests.swift in Sources */,
			);
			runOnlyForDeploymentPostprocessing = 0;
		};
		3036A77C219618B10084ECE9 /* Sources */ = {
			isa = PBXSourcesBuildPhase;
			buildActionMask = 2147483647;
			files = (
				3036A785219618B10084ECE9 /* TournamentUITests.swift in Sources */,
			);
			runOnlyForDeploymentPostprocessing = 0;
		};
/* End PBXSourcesBuildPhase section */

/* Begin PBXTargetDependency section */
		3036A777219618B10084ECE9 /* PBXTargetDependency */ = {
			isa = PBXTargetDependency;
			target = 3036A760219618AF0084ECE9 /* Tournament */;
			targetProxy = 3036A776219618B10084ECE9 /* PBXContainerItemProxy */;
		};
		3036A782219618B10084ECE9 /* PBXTargetDependency */ = {
			isa = PBXTargetDependency;
			target = 3036A760219618AF0084ECE9 /* Tournament */;
			targetProxy = 3036A781219618B10084ECE9 /* PBXContainerItemProxy */;
		};
/* End PBXTargetDependency section */

/* Begin XCBuildConfiguration section */
		3036A787219618B10084ECE9 /* Debug */ = {
			isa = XCBuildConfiguration;
			buildSettings = {
				ALWAYS_SEARCH_USER_PATHS = NO;
				CLANG_ANALYZER_NONNULL = YES;
				CLANG_ANALYZER_NUMBER_OBJECT_CONVERSION = YES_AGGRESSIVE;
				CLANG_CXX_LANGUAGE_STANDARD = "gnu++14";
				CLANG_CXX_LIBRARY = "libc++";
				CLANG_ENABLE_MODULES = YES;
				CLANG_ENABLE_OBJC_ARC = YES;
				CLANG_ENABLE_OBJC_WEAK = YES;
				CLANG_WARN_BLOCK_CAPTURE_AUTORELEASING = YES;
				CLANG_WARN_BOOL_CONVERSION = YES;
				CLANG_WARN_COMMA = YES;
				CLANG_WARN_CONSTANT_CONVERSION = YES;
				CLANG_WARN_DEPRECATED_OBJC_IMPLEMENTATIONS = YES;
				CLANG_WARN_DIRECT_OBJC_ISA_USAGE = YES_ERROR;
				CLANG_WARN_DOCUMENTATION_COMMENTS = YES;
				CLANG_WARN_EMPTY_BODY = YES;
				CLANG_WARN_ENUM_CONVERSION = YES;
				CLANG_WARN_INFINITE_RECURSION = YES;
				CLANG_WARN_INT_CONVERSION = YES;
				CLANG_WARN_NON_LITERAL_NULL_CONVERSION = YES;
				CLANG_WARN_OBJC_IMPLICIT_RETAIN_SELF = YES;
				CLANG_WARN_OBJC_LITERAL_CONVERSION = YES;
				CLANG_WARN_OBJC_ROOT_CLASS = YES_ERROR;
				CLANG_WARN_RANGE_LOOP_ANALYSIS = YES;
				CLANG_WARN_STRICT_PROTOTYPES = YES;
				CLANG_WARN_SUSPICIOUS_MOVE = YES;
				CLANG_WARN_UNGUARDED_AVAILABILITY = YES_AGGRESSIVE;
				CLANG_WARN_UNREACHABLE_CODE = YES;
				CLANG_WARN__DUPLICATE_METHOD_MATCH = YES;
				CODE_SIGN_IDENTITY = "iPhone Developer";
				COPY_PHASE_STRIP = NO;
				DEBUG_INFORMATION_FORMAT = dwarf;
				ENABLE_STRICT_OBJC_MSGSEND = YES;
				ENABLE_TESTABILITY = YES;
				GCC_C_LANGUAGE_STANDARD = gnu11;
				GCC_DYNAMIC_NO_PIC = NO;
				GCC_NO_COMMON_BLOCKS = YES;
				GCC_OPTIMIZATION_LEVEL = 0;
				GCC_PREPROCESSOR_DEFINITIONS = (
					"DEBUG=1",
					"$(inherited)",
				);
				GCC_WARN_64_TO_32_BIT_CONVERSION = YES;
				GCC_WARN_ABOUT_RETURN_TYPE = YES_ERROR;
				GCC_WARN_UNDECLARED_SELECTOR = YES;
				GCC_WARN_UNINITIALIZED_AUTOS = YES_AGGRESSIVE;
				GCC_WARN_UNUSED_FUNCTION = YES;
				GCC_WARN_UNUSED_VARIABLE = YES;
				IPHONEOS_DEPLOYMENT_TARGET = 12.0;
				MTL_ENABLE_DEBUG_INFO = INCLUDE_SOURCE;
				MTL_FAST_MATH = YES;
				ONLY_ACTIVE_ARCH = YES;
				SDKROOT = iphoneos;
				SWIFT_ACTIVE_COMPILATION_CONDITIONS = DEBUG;
				SWIFT_OPTIMIZATION_LEVEL = "-Onone";
			};
			name = Debug;
		};
		3036A788219618B10084ECE9 /* Release */ = {
			isa = XCBuildConfiguration;
			buildSettings = {
				ALWAYS_SEARCH_USER_PATHS = NO;
				CLANG_ANALYZER_NONNULL = YES;
				CLANG_ANALYZER_NUMBER_OBJECT_CONVERSION = YES_AGGRESSIVE;
				CLANG_CXX_LANGUAGE_STANDARD = "gnu++14";
				CLANG_CXX_LIBRARY = "libc++";
				CLANG_ENABLE_MODULES = YES;
				CLANG_ENABLE_OBJC_ARC = YES;
				CLANG_ENABLE_OBJC_WEAK = YES;
				CLANG_WARN_BLOCK_CAPTURE_AUTORELEASING = YES;
				CLANG_WARN_BOOL_CONVERSION = YES;
				CLANG_WARN_COMMA = YES;
				CLANG_WARN_CONSTANT_CONVERSION = YES;
				CLANG_WARN_DEPRECATED_OBJC_IMPLEMENTATIONS = YES;
				CLANG_WARN_DIRECT_OBJC_ISA_USAGE = YES_ERROR;
				CLANG_WARN_DOCUMENTATION_COMMENTS = YES;
				CLANG_WARN_EMPTY_BODY = YES;
				CLANG_WARN_ENUM_CONVERSION = YES;
				CLANG_WARN_INFINITE_RECURSION = YES;
				CLANG_WARN_INT_CONVERSION = YES;
				CLANG_WARN_NON_LITERAL_NULL_CONVERSION = YES;
				CLANG_WARN_OBJC_IMPLICIT_RETAIN_SELF = YES;
				CLANG_WARN_OBJC_LITERAL_CONVERSION = YES;
				CLANG_WARN_OBJC_ROOT_CLASS = YES_ERROR;
				CLANG_WARN_RANGE_LOOP_ANALYSIS = YES;
				CLANG_WARN_STRICT_PROTOTYPES = YES;
				CLANG_WARN_SUSPICIOUS_MOVE = YES;
				CLANG_WARN_UNGUARDED_AVAILABILITY = YES_AGGRESSIVE;
				CLANG_WARN_UNREACHABLE_CODE = YES;
				CLANG_WARN__DUPLICATE_METHOD_MATCH = YES;
				CODE_SIGN_IDENTITY = "iPhone Developer";
				COPY_PHASE_STRIP = NO;
				DEBUG_INFORMATION_FORMAT = "dwarf-with-dsym";
				ENABLE_NS_ASSERTIONS = NO;
				ENABLE_STRICT_OBJC_MSGSEND = YES;
				GCC_C_LANGUAGE_STANDARD = gnu11;
				GCC_NO_COMMON_BLOCKS = YES;
				GCC_WARN_64_TO_32_BIT_CONVERSION = YES;
				GCC_WARN_ABOUT_RETURN_TYPE = YES_ERROR;
				GCC_WARN_UNDECLARED_SELECTOR = YES;
				GCC_WARN_UNINITIALIZED_AUTOS = YES_AGGRESSIVE;
				GCC_WARN_UNUSED_FUNCTION = YES;
				GCC_WARN_UNUSED_VARIABLE = YES;
				IPHONEOS_DEPLOYMENT_TARGET = 12.0;
				MTL_ENABLE_DEBUG_INFO = NO;
				MTL_FAST_MATH = YES;
				SDKROOT = iphoneos;
				SWIFT_COMPILATION_MODE = wholemodule;
				SWIFT_OPTIMIZATION_LEVEL = "-O";
				VALIDATE_PRODUCT = YES;
			};
			name = Release;
		};
		3036A78A219618B10084ECE9 /* Debug */ = {
			isa = XCBuildConfiguration;
			baseConfigurationReference = B2321F0212BDBBDE0754F962 /* Pods-Tournament.debug.xcconfig */;
			buildSettings = {
				ASSETCATALOG_COMPILER_APPICON_NAME = AppIcon;
				CLANG_ENABLE_MODULES = YES;
				CODE_SIGN_STYLE = Automatic;
				INFOPLIST_FILE = Tournament/Info.plist;
				LD_RUNPATH_SEARCH_PATHS = (
					"$(inherited)",
					"@executable_path/Frameworks",
				);
				PRODUCT_BUNDLE_IDENTIFIER = Danny.Tournament;
				PRODUCT_NAME = "$(TARGET_NAME)";
				SWIFT_OBJC_BRIDGING_HEADER = "Tournament/3rdParty/Tournament-Bridging-Header.h";
				SWIFT_OPTIMIZATION_LEVEL = "-Onone";
				SWIFT_VERSION = 4.2;
				TARGETED_DEVICE_FAMILY = "1,2";
			};
			name = Debug;
		};
		3036A78B219618B10084ECE9 /* Release */ = {
			isa = XCBuildConfiguration;
			baseConfigurationReference = 080A074E54246D31DC6CC5DB /* Pods-Tournament.release.xcconfig */;
			buildSettings = {
				ASSETCATALOG_COMPILER_APPICON_NAME = AppIcon;
				CLANG_ENABLE_MODULES = YES;
				CODE_SIGN_STYLE = Automatic;
				INFOPLIST_FILE = Tournament/Info.plist;
				LD_RUNPATH_SEARCH_PATHS = (
					"$(inherited)",
					"@executable_path/Frameworks",
				);
				PRODUCT_BUNDLE_IDENTIFIER = Danny.Tournament;
				PRODUCT_NAME = "$(TARGET_NAME)";
				SWIFT_OBJC_BRIDGING_HEADER = "Tournament/3rdParty/Tournament-Bridging-Header.h";
				SWIFT_VERSION = 4.2;
				TARGETED_DEVICE_FAMILY = "1,2";
			};
			name = Release;
		};
		3036A78D219618B10084ECE9 /* Debug */ = {
			isa = XCBuildConfiguration;
			buildSettings = {
				ALWAYS_EMBED_SWIFT_STANDARD_LIBRARIES = YES;
				BUNDLE_LOADER = "$(TEST_HOST)";
				CODE_SIGN_STYLE = Automatic;
				INFOPLIST_FILE = TournamentTests/Info.plist;
				LD_RUNPATH_SEARCH_PATHS = (
					"$(inherited)",
					"@executable_path/Frameworks",
					"@loader_path/Frameworks",
				);
				PRODUCT_BUNDLE_IDENTIFIER = Danny.TournamentTests;
				PRODUCT_NAME = "$(TARGET_NAME)";
				SWIFT_VERSION = 4.2;
				TARGETED_DEVICE_FAMILY = "1,2";
				TEST_HOST = "$(BUILT_PRODUCTS_DIR)/Tournament.app/Tournament";
			};
			name = Debug;
		};
		3036A78E219618B10084ECE9 /* Release */ = {
			isa = XCBuildConfiguration;
			buildSettings = {
				ALWAYS_EMBED_SWIFT_STANDARD_LIBRARIES = YES;
				BUNDLE_LOADER = "$(TEST_HOST)";
				CODE_SIGN_STYLE = Automatic;
				INFOPLIST_FILE = TournamentTests/Info.plist;
				LD_RUNPATH_SEARCH_PATHS = (
					"$(inherited)",
					"@executable_path/Frameworks",
					"@loader_path/Frameworks",
				);
				PRODUCT_BUNDLE_IDENTIFIER = Danny.TournamentTests;
				PRODUCT_NAME = "$(TARGET_NAME)";
				SWIFT_VERSION = 4.2;
				TARGETED_DEVICE_FAMILY = "1,2";
				TEST_HOST = "$(BUILT_PRODUCTS_DIR)/Tournament.app/Tournament";
			};
			name = Release;
		};
		3036A790219618B10084ECE9 /* Debug */ = {
			isa = XCBuildConfiguration;
			buildSettings = {
				ALWAYS_EMBED_SWIFT_STANDARD_LIBRARIES = YES;
				CODE_SIGN_STYLE = Automatic;
				INFOPLIST_FILE = TournamentUITests/Info.plist;
				LD_RUNPATH_SEARCH_PATHS = (
					"$(inherited)",
					"@executable_path/Frameworks",
					"@loader_path/Frameworks",
				);
				PRODUCT_BUNDLE_IDENTIFIER = Danny.TournamentUITests;
				PRODUCT_NAME = "$(TARGET_NAME)";
				SWIFT_VERSION = 4.2;
				TARGETED_DEVICE_FAMILY = "1,2";
				TEST_TARGET_NAME = Tournament;
			};
			name = Debug;
		};
		3036A791219618B10084ECE9 /* Release */ = {
			isa = XCBuildConfiguration;
			buildSettings = {
				ALWAYS_EMBED_SWIFT_STANDARD_LIBRARIES = YES;
				CODE_SIGN_STYLE = Automatic;
				INFOPLIST_FILE = TournamentUITests/Info.plist;
				LD_RUNPATH_SEARCH_PATHS = (
					"$(inherited)",
					"@executable_path/Frameworks",
					"@loader_path/Frameworks",
				);
				PRODUCT_BUNDLE_IDENTIFIER = Danny.TournamentUITests;
				PRODUCT_NAME = "$(TARGET_NAME)";
				SWIFT_VERSION = 4.2;
				TARGETED_DEVICE_FAMILY = "1,2";
				TEST_TARGET_NAME = Tournament;
			};
			name = Release;
		};
/* End XCBuildConfiguration section */

/* Begin XCConfigurationList section */
		3036A75C219618AF0084ECE9 /* Build configuration list for PBXProject "Tournament" */ = {
			isa = XCConfigurationList;
			buildConfigurations = (
				3036A787219618B10084ECE9 /* Debug */,
				3036A788219618B10084ECE9 /* Release */,
			);
			defaultConfigurationIsVisible = 0;
			defaultConfigurationName = Release;
		};
		3036A789219618B10084ECE9 /* Build configuration list for PBXNativeTarget "Tournament" */ = {
			isa = XCConfigurationList;
			buildConfigurations = (
				3036A78A219618B10084ECE9 /* Debug */,
				3036A78B219618B10084ECE9 /* Release */,
			);
			defaultConfigurationIsVisible = 0;
			defaultConfigurationName = Release;
		};
		3036A78C219618B10084ECE9 /* Build configuration list for PBXNativeTarget "TournamentTests" */ = {
			isa = XCConfigurationList;
			buildConfigurations = (
				3036A78D219618B10084ECE9 /* Debug */,
				3036A78E219618B10084ECE9 /* Release */,
			);
			defaultConfigurationIsVisible = 0;
			defaultConfigurationName = Release;
		};
		3036A78F219618B10084ECE9 /* Build configuration list for PBXNativeTarget "TournamentUITests" */ = {
			isa = XCConfigurationList;
			buildConfigurations = (
				3036A790219618B10084ECE9 /* Debug */,
				3036A791219618B10084ECE9 /* Release */,
			);
			defaultConfigurationIsVisible = 0;
			defaultConfigurationName = Release;
		};
/* End XCConfigurationList section */
	};
	rootObject = 3036A759219618AF0084ECE9 /* Project object */;
}
