// !$*UTF8*$!
{
	archiveVersion = 1;
	classes = {
	};
	objectVersion = 50;
	objects = {

/* Begin PBXBuildFile section */
		3036A765219618AF0084ECE9 /* AppDelegate.swift in Sources */ = {isa = PBXBuildFile; fileRef = 3036A764219618AF0084ECE9 /* AppDelegate.swift */; };
		3036A767219618AF0084ECE9 /* ViewController.swift in Sources */ = {isa = PBXBuildFile; fileRef = 3036A766219618AF0084ECE9 /* ViewController.swift */; };
		3036A76A219618AF0084ECE9 /* Main.storyboard in Resources */ = {isa = PBXBuildFile; fileRef = 3036A768219618AF0084ECE9 /* Main.storyboard */; };
		3036A76C219618B10084ECE9 /* Assets.xcassets in Resources */ = {isa = PBXBuildFile; fileRef = 3036A76B219618B10084ECE9 /* Assets.xcassets */; };
		3036A76F219618B10084ECE9 /* LaunchScreen.storyboard in Resources */ = {isa = PBXBuildFile; fileRef = 3036A76D219618B10084ECE9 /* LaunchScreen.storyboard */; };
		3036A77A219618B10084ECE9 /* TournamentTests.swift in Sources */ = {isa = PBXBuildFile; fileRef = 3036A779219618B10084ECE9 /* TournamentTests.swift */; };
		3036A785219618B10084ECE9 /* TournamentUITests.swift in Sources */ = {isa = PBXBuildFile; fileRef = 3036A784219618B10084ECE9 /* TournamentUITests.swift */; };
		3036A798219621890084ECE9 /* League.swift in Sources */ = {isa = PBXBuildFile; fileRef = 3036A797219621890084ECE9 /* League.swift */; };
		3036A7A7219622AD0084ECE9 /* UInt64Extensions.swift in Sources */ = {isa = PBXBuildFile; fileRef = 3036A7A6219622AD0084ECE9 /* UInt64Extensions.swift */; };
		3036A7AE2196237F0084ECE9 /* ImageManager.swift in Sources */ = {isa = PBXBuildFile; fileRef = 3036A7AA2196237F0084ECE9 /* ImageManager.swift */; };
		3036A7AF2196237F0084ECE9 /* DecodeOperation.swift in Sources */ = {isa = PBXBuildFile; fileRef = 3036A7AB2196237F0084ECE9 /* DecodeOperation.swift */; };
		3036A7B02196237F0084ECE9 /* ImageRequest.swift in Sources */ = {isa = PBXBuildFile; fileRef = 3036A7AC2196237F0084ECE9 /* ImageRequest.swift */; };
		3036A7B12196237F0084ECE9 /* AlertPresenter.swift in Sources */ = {isa = PBXBuildFile; fileRef = 3036A7AD2196237F0084ECE9 /* AlertPresenter.swift */; };
		3036A7B6219626F70084ECE9 /* ODConstants.swift in Sources */ = {isa = PBXBuildFile; fileRef = 3036A7B5219626F70084ECE9 /* ODConstants.swift */; };
		3036A7B8219629850084ECE9 /* GenericRestService.swift in Sources */ = {isa = PBXBuildFile; fileRef = 3036A7B7219629850084ECE9 /* GenericRestService.swift */; };
		3036A7BA219629E20084ECE9 /* LeagueService.swift in Sources */ = {isa = PBXBuildFile; fileRef = 3036A7B9219629E20084ECE9 /* LeagueService.swift */; };
		E483B56F925E32C49FB79A1F /* Pods_Tournament.framework in Frameworks */ = {isa = PBXBuildFile; fileRef = 26F9AA3556C55E770F1FDB7E /* Pods_Tournament.framework */; };
/* End PBXBuildFile section */

/* Begin PBXContainerItemProxy section */
		3036A776219618B10084ECE9 /* PBXContainerItemProxy */ = {
			isa = PBXContainerItemProxy;
			containerPortal = 3036A759219618AF0084ECE9 /* Project object */;
			proxyType = 1;
			remoteGlobalIDString = 3036A760219618AF0084ECE9;
			remoteInfo = Tournament;
		};
		3036A781219618B10084ECE9 /* PBXContainerItemProxy */ = {
			isa = PBXContainerItemProxy;
			containerPortal = 3036A759219618AF0084ECE9 /* Project object */;
			proxyType = 1;
			remoteGlobalIDString = 3036A760219618AF0084ECE9;
			remoteInfo = Tournament;
		};
/* End PBXContainerItemProxy section */

/* Begin PBXFileReference section */
		080A074E54246D31DC6CC5DB /* Pods-Tournament.release.xcconfig */ = {isa = PBXFileReference; includeInIndex = 1; lastKnownFileType = text.xcconfig; name = "Pods-Tournament.release.xcconfig"; path = "Pods/Target Support Files/Pods-Tournament/Pods-Tournament.release.xcconfig"; sourceTree = "<group>"; };
		26F9AA3556C55E770F1FDB7E /* Pods_Tournament.framework */ = {isa = PBXFileReference; explicitFileType = wrapper.framework; includeInIndex = 0; path = Pods_Tournament.framework; sourceTree = BUILT_PRODUCTS_DIR; };
		3036A761219618AF0084ECE9 /* Tournament.app */ = {isa = PBXFileReference; explicitFileType = wrapper.application; includeInIndex = 0; path = Tournament.app; sourceTree = BUILT_PRODUCTS_DIR; };
		3036A764219618AF0084ECE9 /* AppDelegate.swift */ = {isa = PBXFileReference; lastKnownFileType = sourcecode.swift; path = AppDelegate.swift; sourceTree = "<group>"; };
		3036A766219618AF0084ECE9 /* ViewController.swift */ = {isa = PBXFileReference; lastKnownFileType = sourcecode.swift; path = ViewController.swift; sourceTree = "<group>"; };
		3036A769219618AF0084ECE9 /* Base */ = {isa = PBXFileReference; lastKnownFileType = file.storyboard; name = Base; path = Base.lproj/Main.storyboard; sourceTree = "<group>"; };
		3036A76B219618B10084ECE9 /* Assets.xcassets */ = {isa = PBXFileReference; lastKnownFileType = folder.assetcatalog; path = Assets.xcassets; sourceTree = "<group>"; };
		3036A76E219618B10084ECE9 /* Base */ = {isa = PBXFileReference; lastKnownFileType = file.storyboard; name = Base; path = Base.lproj/LaunchScreen.storyboard; sourceTree = "<group>"; };
		3036A770219618B10084ECE9 /* Info.plist */ = {isa = PBXFileReference; lastKnownFileType = text.plist.xml; path = Info.plist; sourceTree = "<group>"; };
		3036A775219618B10084ECE9 /* TournamentTests.xctest */ = {isa = PBXFileReference; explicitFileType = wrapper.cfbundle; includeInIndex = 0; path = TournamentTests.xctest; sourceTree = BUILT_PRODUCTS_DIR; };
		3036A779219618B10084ECE9 /* TournamentTests.swift */ = {isa = PBXFileReference; lastKnownFileType = sourcecode.swift; path = TournamentTests.swift; sourceTree = "<group>"; };
		3036A77B219618B10084ECE9 /* Info.plist */ = {isa = PBXFileReference; lastKnownFileType = text.plist.xml; path = Info.plist; sourceTree = "<group>"; };
		3036A780219618B10084ECE9 /* TournamentUITests.xctest */ = {isa = PBXFileReference; explicitFileType = wrapper.cfbundle; includeInIndex = 0; path = TournamentUITests.xctest; sourceTree = BUILT_PRODUCTS_DIR; };
		3036A784219618B10084ECE9 /* TournamentUITests.swift */ = {isa = PBXFileReference; lastKnownFileType = sourcecode.swift; path = TournamentUITests.swift; sourceTree = "<group>"; };
		3036A786219618B10084ECE9 /* Info.plist */ = {isa = PBXFileReference; lastKnownFileType = text.plist.xml; path = Info.plist; sourceTree = "<group>"; };
		3036A797219621890084ECE9 /* League.swift */ = {isa = PBXFileReference; lastKnownFileType = sourcecode.swift; path = League.swift; sourceTree = "<group>"; };
		3036A7A6219622AD0084ECE9 /* UInt64Extensions.swift */ = {isa = PBXFileReference; fileEncoding = 4; lastKnownFileType = sourcecode.swift; path = UInt64Extensions.swift; sourceTree = "<group>"; };
		3036A7AA2196237F0084ECE9 /* ImageManager.swift */ = {isa = PBXFileReference; fileEncoding = 4; lastKnownFileType = sourcecode.swift; path = ImageManager.swift; sourceTree = "<group>"; };
		3036A7AB2196237F0084ECE9 /* DecodeOperation.swift */ = {isa = PBXFileReference; fileEncoding = 4; lastKnownFileType = sourcecode.swift; path = DecodeOperation.swift; sourceTree = "<group>"; };
		3036A7AC2196237F0084ECE9 /* ImageRequest.swift */ = {isa = PBXFileReference; fileEncoding = 4; lastKnownFileType = sourcecode.swift; path = ImageRequest.swift; sourceTree = "<group>"; };
		3036A7AD2196237F0084ECE9 /* AlertPresenter.swift */ = {isa = PBXFileReference; fileEncoding = 4; lastKnownFileType = sourcecode.swift; path = AlertPresenter.swift; sourceTree = "<group>"; };
		3036A7B5219626F70084ECE9 /* ODConstants.swift */ = {isa = PBXFileReference; lastKnownFileType = sourcecode.swift; path = ODConstants.swift; sourceTree = "<group>"; };
		3036A7B7219629850084ECE9 /* GenericRestService.swift */ = {isa = PBXFileReference; fileEncoding = 4; lastKnownFileType = sourcecode.swift; path = GenericRestService.swift; sourceTree = "<group>"; };
		3036A7B9219629E20084ECE9 /* LeagueService.swift */ = {isa = PBXFileReference; lastKnownFileType = sourcecode.swift; path = LeagueService.swift; sourceTree = "<group>"; };
		B2321F0212BDBBDE0754F962 /* Pods-Tournament.debug.xcconfig */ = {isa = PBXFileReference; includeInIndex = 1; lastKnownFileType = text.xcconfig; name = "Pods-Tournament.debug.xcconfig"; path = "Pods/Target Support Files/Pods-Tournament/Pods-Tournament.debug.xcconfig"; sourceTree = "<group>"; };
/* End PBXFileReference section */

/* Begin PBXFrameworksBuildPhase section */
		3036A75E219618AF0084ECE9 /* Frameworks */ = {
			isa = PBXFrameworksBuildPhase;
			buildActionMask = 2147483647;
			files = (
				E483B56F925E32C49FB79A1F /* Pods_Tournament.framework in Frameworks */,
			);
			runOnlyForDeploymentPostprocessing = 0;
		};
		3036A772219618B10084ECE9 /* Frameworks */ = {
			isa = PBXFrameworksBuildPhase;
			buildActionMask = 2147483647;
			files = (
			);
			runOnlyForDeploymentPostprocessing = 0;
		};
		3036A77D219618B10084ECE9 /* Frameworks */ = {
			isa = PBXFrameworksBuildPhase;
			buildActionMask = 2147483647;
			files = (
			);
			runOnlyForDeploymentPostprocessing = 0;
		};
/* End PBXFrameworksBuildPhase section */

/* Begin PBXGroup section */
		3036A758219618AF0084ECE9 = {
			isa = PBXGroup;
			children = (
				3036A763219618AF0084ECE9 /* Tournament */,
				3036A778219618B10084ECE9 /* TournamentTests */,
				3036A783219618B10084ECE9 /* TournamentUITests */,
				3036A762219618AF0084ECE9 /* Products */,
				36CB1DA0232AD8DF77613A19 /* Pods */,
				D090CD6DA573AAF4549E4366 /* Frameworks */,
			);
			sourceTree = "<group>";
		};
		3036A762219618AF0084ECE9 /* Products */ = {
			isa = PBXGroup;
			children = (
				3036A761219618AF0084ECE9 /* Tournament.app */,
				3036A775219618B10084ECE9 /* TournamentTests.xctest */,
				3036A780219618B10084ECE9 /* TournamentUITests.xctest */,
			);
			name = Products;
			sourceTree = "<group>";
		};
		3036A763219618AF0084ECE9 /* Tournament */ = {
			isa = PBXGroup;
			children = (
				3036A7B4219626E50084ECE9 /* Constants */,
				3036A7A82196237F0084ECE9 /* Util */,
				3036A7A5219622AD0084ECE9 /* Extensions */,
				3036A799219622120084ECE9 /* Service */,
				3036A794219618C70084ECE9 /* View Controllers */,
				3036A793219618C40084ECE9 /* View */,
				3036A792219618BD0084ECE9 /* Model */,
				3036A764219618AF0084ECE9 /* AppDelegate.swift */,
				3036A766219618AF0084ECE9 /* ViewController.swift */,
				3036A768219618AF0084ECE9 /* Main.storyboard */,
				3036A76B219618B10084ECE9 /* Assets.xcassets */,
				3036A76D219618B10084ECE9 /* LaunchScreen.storyboard */,
				3036A770219618B10084ECE9 /* Info.plist */,
			);
			path = Tournament;
			sourceTree = "<group>";
		};
		3036A778219618B10084ECE9 /* TournamentTests */ = {
			isa = PBXGroup;
			children = (
				3036A779219618B10084ECE9 /* TournamentTests.swift */,
				3036A77B219618B10084ECE9 /* Info.plist */,
			);
			path = TournamentTests;
			sourceTree = "<group>";
		};
		3036A783219618B10084ECE9 /* TournamentUITests */ = {
			isa = PBXGroup;
			children = (
				3036A784219618B10084ECE9 /* TournamentUITests.swift */,
				3036A786219618B10084ECE9 /* Info.plist */,
			);
			path = TournamentUITests;
			sourceTree = "<group>";
		};
		3036A792219618BD0084ECE9 /* Model */ = {
			isa = PBXGroup;
			children = (
				3036A797219621890084ECE9 /* League.swift */,
			);
			path = Model;
			sourceTree = "<group>";
		};
		3036A793219618C40084ECE9 /* View */ = {
			isa = PBXGroup;
			children = (
			);
			path = View;
			sourceTree = "<group>";
		};
		3036A794219618C70084ECE9 /* View Controllers */ = {
			isa = PBXGroup;
			children = (
			);
			path = "View Controllers";
			sourceTree = "<group>";
		};
		3036A799219622120084ECE9 /* Service */ = {
			isa = PBXGroup;
			children = (
				3036A7B7219629850084ECE9 /* GenericRestService.swift */,
				3036A7B9219629E20084ECE9 /* LeagueService.swift */,
			);
			path = Service;
			sourceTree = "<group>";
		};
		3036A7A5219622AD0084ECE9 /* Extensions */ = {
			isa = PBXGroup;
			children = (
				3036A7A6219622AD0084ECE9 /* UInt64Extensions.swift */,
			);
			path = Extensions;
			sourceTree = "<group>";
		};
		3036A7A82196237F0084ECE9 /* Util */ = {
			isa = PBXGroup;
			children = (
				3036A7A92196237F0084ECE9 /* ImageManager */,
				3036A7AD2196237F0084ECE9 /* AlertPresenter.swift */,
			);
			path = Util;
			sourceTree = "<group>";
		};
		3036A7A92196237F0084ECE9 /* ImageManager */ = {
			isa = PBXGroup;
			children = (
				3036A7AA2196237F0084ECE9 /* ImageManager.swift */,
				3036A7AB2196237F0084ECE9 /* DecodeOperation.swift */,
				3036A7AC2196237F0084ECE9 /* ImageRequest.swift */,
			);
			path = ImageManager;
			sourceTree = "<group>";
		};
		3036A7B4219626E50084ECE9 /* Constants */ = {
			isa = PBXGroup;
			children = (
				3036A7B5219626F70084ECE9 /* ODConstants.swift */,
			);
			path = Constants;
			sourceTree = "<group>";
		};
		36CB1DA0232AD8DF77613A19 /* Pods */ = {
			isa = PBXGroup;
			children = (
				B2321F0212BDBBDE0754F962 /* Pods-Tournament.debug.xcconfig */,
				080A074E54246D31DC6CC5DB /* Pods-Tournament.release.xcconfig */,
			);
			name = Pods;
			sourceTree = "<group>";
		};
		D090CD6DA573AAF4549E4366 /* Frameworks */ = {
			isa = PBXGroup;
			children = (
				26F9AA3556C55E770F1FDB7E /* Pods_Tournament.framework */,
			);
			name = Frameworks;
			sourceTree = "<group>";
		};
/* End PBXGroup section */

/* Begin PBXNativeTarget section */
		3036A760219618AF0084ECE9 /* Tournament */ = {
			isa = PBXNativeTarget;
			buildConfigurationList = 3036A789219618B10084ECE9 /* Build configuration list for PBXNativeTarget "Tournament" */;
			buildPhases = (
				3BEA019C39AAAB178BFABF3E /* [CP] Check Pods Manifest.lock */,
				3036A75D219618AF0084ECE9 /* Sources */,
				3036A75E219618AF0084ECE9 /* Frameworks */,
				3036A75F219618AF0084ECE9 /* Resources */,
				B8F925321D79EE2018A2D1C0 /* [CP] Embed Pods Frameworks */,
			);
			buildRules = (
			);
			dependencies = (
			);
			name = Tournament;
			productName = Tournament;
			productReference = 3036A761219618AF0084ECE9 /* Tournament.app */;
			productType = "com.apple.product-type.application";
		};
		3036A774219618B10084ECE9 /* TournamentTests */ = {
			isa = PBXNativeTarget;
			buildConfigurationList = 3036A78C219618B10084ECE9 /* Build configuration list for PBXNativeTarget "TournamentTests" */;
			buildPhases = (
				3036A771219618B10084ECE9 /* Sources */,
				3036A772219618B10084ECE9 /* Frameworks */,
				3036A773219618B10084ECE9 /* Resources */,
			);
			buildRules = (
			);
			dependencies = (
				3036A777219618B10084ECE9 /* PBXTargetDependency */,
			);
			name = TournamentTests;
			productName = TournamentTests;
			productReference = 3036A775219618B10084ECE9 /* TournamentTests.xctest */;
			productType = "com.apple.product-type.bundle.unit-test";
		};
		3036A77F219618B10084ECE9 /* TournamentUITests */ = {
			isa = PBXNativeTarget;
			buildConfigurationList = 3036A78F219618B10084ECE9 /* Build configuration list for PBXNativeTarget "TournamentUITests" */;
			buildPhases = (
				3036A77C219618B10084ECE9 /* Sources */,
				3036A77D219618B10084ECE9 /* Frameworks */,
				3036A77E219618B10084ECE9 /* Resources */,
			);
			buildRules = (
			);
			dependencies = (
				3036A782219618B10084ECE9 /* PBXTargetDependency */,
			);
			name = TournamentUITests;
			productName = TournamentUITests;
			productReference = 3036A780219618B10084ECE9 /* TournamentUITests.xctest */;
			productType = "com.apple.product-type.bundle.ui-testing";
		};
/* End PBXNativeTarget section */

/* Begin PBXProject section */
		3036A759219618AF0084ECE9 /* Project object */ = {
			isa = PBXProject;
			attributes = {
				LastSwiftUpdateCheck = 1000;
				LastUpgradeCheck = 1000;
				ORGANIZATIONNAME = Danny;
				TargetAttributes = {
					3036A760219618AF0084ECE9 = {
						CreatedOnToolsVersion = 10.0;
					};
					3036A774219618B10084ECE9 = {
						CreatedOnToolsVersion = 10.0;
						TestTargetID = 3036A760219618AF0084ECE9;
					};
					3036A77F219618B10084ECE9 = {
						CreatedOnToolsVersion = 10.0;
						TestTargetID = 3036A760219618AF0084ECE9;
					};
				};
			};
			buildConfigurationList = 3036A75C219618AF0084ECE9 /* Build configuration list for PBXProject "Tournament" */;
			compatibilityVersion = "Xcode 9.3";
			developmentRegion = en;
			hasScannedForEncodings = 0;
			knownRegions = (
				en,
				Base,
			);
			mainGroup = 3036A758219618AF0084ECE9;
			productRefGroup = 3036A762219618AF0084ECE9 /* Products */;
			projectDirPath = "";
			projectRoot = "";
			targets = (
				3036A760219618AF0084ECE9 /* Tournament */,
				3036A774219618B10084ECE9 /* TournamentTests */,
				3036A77F219618B10084ECE9 /* TournamentUITests */,
			);
		};
/* End PBXProject section */

/* Begin PBXResourcesBuildPhase section */
		3036A75F219618AF0084ECE9 /* Resources */ = {
			isa = PBXResourcesBuildPhase;
			buildActionMask = 2147483647;
			files = (
				3036A76F219618B10084ECE9 /* LaunchScreen.storyboard in Resources */,
				3036A76C219618B10084ECE9 /* Assets.xcassets in Resources */,
				3036A76A219618AF0084ECE9 /* Main.storyboard in Resources */,
			);
			runOnlyForDeploymentPostprocessing = 0;
		};
		3036A773219618B10084ECE9 /* Resources */ = {
			isa = PBXResourcesBuildPhase;
			buildActionMask = 2147483647;
			files = (
			);
			runOnlyForDeploymentPostprocessing = 0;
		};
		3036A77E219618B10084ECE9 /* Resources */ = {
			isa = PBXResourcesBuildPhase;
			buildActionMask = 2147483647;
			files = (
			);
			runOnlyForDeploymentPostprocessing = 0;
		};
/* End PBXResourcesBuildPhase section */

/* Begin PBXShellScriptBuildPhase section */
		3BEA019C39AAAB178BFABF3E /* [CP] Check Pods Manifest.lock */ = {
			isa = PBXShellScriptBuildPhase;
			buildActionMask = 2147483647;
			files = (
			);
			inputFileListPaths = (
			);
			inputPaths = (
				"${PODS_PODFILE_DIR_PATH}/Podfile.lock",
				"${PODS_ROOT}/Manifest.lock",
			);
			name = "[CP] Check Pods Manifest.lock";
			outputFileListPaths = (
			);
			outputPaths = (
				"$(DERIVED_FILE_DIR)/Pods-Tournament-checkManifestLockResult.txt",
			);
			runOnlyForDeploymentPostprocessing = 0;
			shellPath = /bin/sh;
			shellScript = "diff \"${PODS_PODFILE_DIR_PATH}/Podfile.lock\" \"${PODS_ROOT}/Manifest.lock\" > /dev/null\nif [ $? != 0 ] ; then\n    # print error to STDERR\n    echo \"error: The sandbox is not in sync with the Podfile.lock. Run 'pod install' or update your CocoaPods installation.\" >&2\n    exit 1\nfi\n# This output is used by Xcode 'outputs' to avoid re-running this script phase.\necho \"SUCCESS\" > \"${SCRIPT_OUTPUT_FILE_0}\"\n";
			showEnvVarsInLog = 0;
		};
		B8F925321D79EE2018A2D1C0 /* [CP] Embed Pods Frameworks */ = {
			isa = PBXShellScriptBuildPhase;
			buildActionMask = 2147483647;
			files = (
			);
			inputFileListPaths = (
			);
			inputPaths = (
				"${SRCROOT}/Pods/Target Support Files/Pods-Tournament/Pods-Tournament-frameworks.sh",
				"${BUILT_PRODUCTS_DIR}/Alamofire/Alamofire.framework",
				"${BUILT_PRODUCTS_DIR}/AlamofireImage/AlamofireImage.framework",
				"${BUILT_PRODUCTS_DIR}/RxCocoa/RxCocoa.framework",
				"${BUILT_PRODUCTS_DIR}/RxSwift/RxSwift.framework",
				"${BUILT_PRODUCTS_DIR}/SnapKit/SnapKit.framework",
			);
			name = "[CP] Embed Pods Frameworks";
			outputFileListPaths = (
			);
			outputPaths = (
				"${TARGET_BUILD_DIR}/${FRAMEWORKS_FOLDER_PATH}/Alamofire.framework",
				"${TARGET_BUILD_DIR}/${FRAMEWORKS_FOLDER_PATH}/AlamofireImage.framework",
				"${TARGET_BUILD_DIR}/${FRAMEWORKS_FOLDER_PATH}/RxCocoa.framework",
				"${TARGET_BUILD_DIR}/${FRAMEWORKS_FOLDER_PATH}/RxSwift.framework",
				"${TARGET_BUILD_DIR}/${FRAMEWORKS_FOLDER_PATH}/SnapKit.framework",
			);
			runOnlyForDeploymentPostprocessing = 0;
			shellPath = /bin/sh;
			shellScript = "\"${SRCROOT}/Pods/Target Support Files/Pods-Tournament/Pods-Tournament-frameworks.sh\"\n";
			showEnvVarsInLog = 0;
		};
/* End PBXShellScriptBuildPhase section */

/* Begin PBXSourcesBuildPhase section */
		3036A75D219618AF0084ECE9 /* Sources */ = {
			isa = PBXSourcesBuildPhase;
			buildActionMask = 2147483647;
			files = (
				3036A7B02196237F0084ECE9 /* ImageRequest.swift in Sources */,
				3036A7AE2196237F0084ECE9 /* ImageManager.swift in Sources */,
				3036A767219618AF0084ECE9 /* ViewController.swift in Sources */,
				3036A7BA219629E20084ECE9 /* LeagueService.swift in Sources */,
				3036A798219621890084ECE9 /* League.swift in Sources */,
				3036A7A7219622AD0084ECE9 /* UInt64Extensions.swift in Sources */,
				3036A7B6219626F70084ECE9 /* ODConstants.swift in Sources */,
				3036A7B12196237F0084ECE9 /* AlertPresenter.swift in Sources */,
				3036A7B8219629850084ECE9 /* GenericRestService.swift in Sources */,
				3036A765219618AF0084ECE9 /* AppDelegate.swift in Sources */,
				3036A7AF2196237F0084ECE9 /* DecodeOperation.swift in Sources */,
			);
			runOnlyForDeploymentPostprocessing = 0;
		};
		3036A771219618B10084ECE9 /* Sources */ = {
			isa = PBXSourcesBuildPhase;
			buildActionMask = 2147483647;
			files = (
				3036A77A219618B10084ECE9 /* TournamentTests.swift in Sources */,
			);
			runOnlyForDeploymentPostprocessing = 0;
		};
		3036A77C219618B10084ECE9 /* Sources */ = {
			isa = PBXSourcesBuildPhase;
			buildActionMask = 2147483647;
			files = (
				3036A785219618B10084ECE9 /* TournamentUITests.swift in Sources */,
			);
			runOnlyForDeploymentPostprocessing = 0;
		};
/* End PBXSourcesBuildPhase section */

/* Begin PBXTargetDependency section */
		3036A777219618B10084ECE9 /* PBXTargetDependency */ = {
			isa = PBXTargetDependency;
			target = 3036A760219618AF0084ECE9 /* Tournament */;
			targetProxy = 3036A776219618B10084ECE9 /* PBXContainerItemProxy */;
		};
		3036A782219618B10084ECE9 /* PBXTargetDependency */ = {
			isa = PBXTargetDependency;
			target = 3036A760219618AF0084ECE9 /* Tournament */;
			targetProxy = 3036A781219618B10084ECE9 /* PBXContainerItemProxy */;
		};
/* End PBXTargetDependency section */

/* Begin PBXVariantGroup section */
		3036A768219618AF0084ECE9 /* Main.storyboard */ = {
			isa = PBXVariantGroup;
			children = (
				3036A769219618AF0084ECE9 /* Base */,
			);
			name = Main.storyboard;
			sourceTree = "<group>";
		};
		3036A76D219618B10084ECE9 /* LaunchScreen.storyboard */ = {
			isa = PBXVariantGroup;
			children = (
				3036A76E219618B10084ECE9 /* Base */,
			);
			name = LaunchScreen.storyboard;
			sourceTree = "<group>";
		};
/* End PBXVariantGroup section */

/* Begin XCBuildConfiguration section */
		3036A787219618B10084ECE9 /* Debug */ = {
			isa = XCBuildConfiguration;
			buildSettings = {
				ALWAYS_SEARCH_USER_PATHS = NO;
				CLANG_ANALYZER_NONNULL = YES;
				CLANG_ANALYZER_NUMBER_OBJECT_CONVERSION = YES_AGGRESSIVE;
				CLANG_CXX_LANGUAGE_STANDARD = "gnu++14";
				CLANG_CXX_LIBRARY = "libc++";
				CLANG_ENABLE_MODULES = YES;
				CLANG_ENABLE_OBJC_ARC = YES;
				CLANG_ENABLE_OBJC_WEAK = YES;
				CLANG_WARN_BLOCK_CAPTURE_AUTORELEASING = YES;
				CLANG_WARN_BOOL_CONVERSION = YES;
				CLANG_WARN_COMMA = YES;
				CLANG_WARN_CONSTANT_CONVERSION = YES;
				CLANG_WARN_DEPRECATED_OBJC_IMPLEMENTATIONS = YES;
				CLANG_WARN_DIRECT_OBJC_ISA_USAGE = YES_ERROR;
				CLANG_WARN_DOCUMENTATION_COMMENTS = YES;
				CLANG_WARN_EMPTY_BODY = YES;
				CLANG_WARN_ENUM_CONVERSION = YES;
				CLANG_WARN_INFINITE_RECURSION = YES;
				CLANG_WARN_INT_CONVERSION = YES;
				CLANG_WARN_NON_LITERAL_NULL_CONVERSION = YES;
				CLANG_WARN_OBJC_IMPLICIT_RETAIN_SELF = YES;
				CLANG_WARN_OBJC_LITERAL_CONVERSION = YES;
				CLANG_WARN_OBJC_ROOT_CLASS = YES_ERROR;
				CLANG_WARN_RANGE_LOOP_ANALYSIS = YES;
				CLANG_WARN_STRICT_PROTOTYPES = YES;
				CLANG_WARN_SUSPICIOUS_MOVE = YES;
				CLANG_WARN_UNGUARDED_AVAILABILITY = YES_AGGRESSIVE;
				CLANG_WARN_UNREACHABLE_CODE = YES;
				CLANG_WARN__DUPLICATE_METHOD_MATCH = YES;
				CODE_SIGN_IDENTITY = "iPhone Developer";
				COPY_PHASE_STRIP = NO;
				DEBUG_INFORMATION_FORMAT = dwarf;
				ENABLE_STRICT_OBJC_MSGSEND = YES;
				ENABLE_TESTABILITY = YES;
				GCC_C_LANGUAGE_STANDARD = gnu11;
				GCC_DYNAMIC_NO_PIC = NO;
				GCC_NO_COMMON_BLOCKS = YES;
				GCC_OPTIMIZATION_LEVEL = 0;
				GCC_PREPROCESSOR_DEFINITIONS = (
					"DEBUG=1",
					"$(inherited)",
				);
				GCC_WARN_64_TO_32_BIT_CONVERSION = YES;
				GCC_WARN_ABOUT_RETURN_TYPE = YES_ERROR;
				GCC_WARN_UNDECLARED_SELECTOR = YES;
				GCC_WARN_UNINITIALIZED_AUTOS = YES_AGGRESSIVE;
				GCC_WARN_UNUSED_FUNCTION = YES;
				GCC_WARN_UNUSED_VARIABLE = YES;
				IPHONEOS_DEPLOYMENT_TARGET = 12.0;
				MTL_ENABLE_DEBUG_INFO = INCLUDE_SOURCE;
				MTL_FAST_MATH = YES;
				ONLY_ACTIVE_ARCH = YES;
				SDKROOT = iphoneos;
				SWIFT_ACTIVE_COMPILATION_CONDITIONS = DEBUG;
				SWIFT_OPTIMIZATION_LEVEL = "-Onone";
			};
			name = Debug;
		};
		3036A788219618B10084ECE9 /* Release */ = {
			isa = XCBuildConfiguration;
			buildSettings = {
				ALWAYS_SEARCH_USER_PATHS = NO;
				CLANG_ANALYZER_NONNULL = YES;
				CLANG_ANALYZER_NUMBER_OBJECT_CONVERSION = YES_AGGRESSIVE;
				CLANG_CXX_LANGUAGE_STANDARD = "gnu++14";
				CLANG_CXX_LIBRARY = "libc++";
				CLANG_ENABLE_MODULES = YES;
				CLANG_ENABLE_OBJC_ARC = YES;
				CLANG_ENABLE_OBJC_WEAK = YES;
				CLANG_WARN_BLOCK_CAPTURE_AUTORELEASING = YES;
				CLANG_WARN_BOOL_CONVERSION = YES;
				CLANG_WARN_COMMA = YES;
				CLANG_WARN_CONSTANT_CONVERSION = YES;
				CLANG_WARN_DEPRECATED_OBJC_IMPLEMENTATIONS = YES;
				CLANG_WARN_DIRECT_OBJC_ISA_USAGE = YES_ERROR;
				CLANG_WARN_DOCUMENTATION_COMMENTS = YES;
				CLANG_WARN_EMPTY_BODY = YES;
				CLANG_WARN_ENUM_CONVERSION = YES;
				CLANG_WARN_INFINITE_RECURSION = YES;
				CLANG_WARN_INT_CONVERSION = YES;
				CLANG_WARN_NON_LITERAL_NULL_CONVERSION = YES;
				CLANG_WARN_OBJC_IMPLICIT_RETAIN_SELF = YES;
				CLANG_WARN_OBJC_LITERAL_CONVERSION = YES;
				CLANG_WARN_OBJC_ROOT_CLASS = YES_ERROR;
				CLANG_WARN_RANGE_LOOP_ANALYSIS = YES;
				CLANG_WARN_STRICT_PROTOTYPES = YES;
				CLANG_WARN_SUSPICIOUS_MOVE = YES;
				CLANG_WARN_UNGUARDED_AVAILABILITY = YES_AGGRESSIVE;
				CLANG_WARN_UNREACHABLE_CODE = YES;
				CLANG_WARN__DUPLICATE_METHOD_MATCH = YES;
				CODE_SIGN_IDENTITY = "iPhone Developer";
				COPY_PHASE_STRIP = NO;
				DEBUG_INFORMATION_FORMAT = "dwarf-with-dsym";
				ENABLE_NS_ASSERTIONS = NO;
				ENABLE_STRICT_OBJC_MSGSEND = YES;
				GCC_C_LANGUAGE_STANDARD = gnu11;
				GCC_NO_COMMON_BLOCKS = YES;
				GCC_WARN_64_TO_32_BIT_CONVERSION = YES;
				GCC_WARN_ABOUT_RETURN_TYPE = YES_ERROR;
				GCC_WARN_UNDECLARED_SELECTOR = YES;
				GCC_WARN_UNINITIALIZED_AUTOS = YES_AGGRESSIVE;
				GCC_WARN_UNUSED_FUNCTION = YES;
				GCC_WARN_UNUSED_VARIABLE = YES;
				IPHONEOS_DEPLOYMENT_TARGET = 12.0;
				MTL_ENABLE_DEBUG_INFO = NO;
				MTL_FAST_MATH = YES;
				SDKROOT = iphoneos;
				SWIFT_COMPILATION_MODE = wholemodule;
				SWIFT_OPTIMIZATION_LEVEL = "-O";
				VALIDATE_PRODUCT = YES;
			};
			name = Release;
		};
		3036A78A219618B10084ECE9 /* Debug */ = {
			isa = XCBuildConfiguration;
			baseConfigurationReference = B2321F0212BDBBDE0754F962 /* Pods-Tournament.debug.xcconfig */;
			buildSettings = {
				ASSETCATALOG_COMPILER_APPICON_NAME = AppIcon;
				CODE_SIGN_STYLE = Automatic;
				INFOPLIST_FILE = Tournament/Info.plist;
				LD_RUNPATH_SEARCH_PATHS = (
					"$(inherited)",
					"@executable_path/Frameworks",
				);
				PRODUCT_BUNDLE_IDENTIFIER = Danny.Tournament;
				PRODUCT_NAME = "$(TARGET_NAME)";
				SWIFT_VERSION = 4.2;
				TARGETED_DEVICE_FAMILY = "1,2";
			};
			name = Debug;
		};
		3036A78B219618B10084ECE9 /* Release */ = {
			isa = XCBuildConfiguration;
			baseConfigurationReference = 080A074E54246D31DC6CC5DB /* Pods-Tournament.release.xcconfig */;
			buildSettings = {
				ASSETCATALOG_COMPILER_APPICON_NAME = AppIcon;
				CODE_SIGN_STYLE = Automatic;
				INFOPLIST_FILE = Tournament/Info.plist;
				LD_RUNPATH_SEARCH_PATHS = (
					"$(inherited)",
					"@executable_path/Frameworks",
				);
				PRODUCT_BUNDLE_IDENTIFIER = Danny.Tournament;
				PRODUCT_NAME = "$(TARGET_NAME)";
				SWIFT_VERSION = 4.2;
				TARGETED_DEVICE_FAMILY = "1,2";
			};
			name = Release;
		};
		3036A78D219618B10084ECE9 /* Debug */ = {
			isa = XCBuildConfiguration;
			buildSettings = {
				ALWAYS_EMBED_SWIFT_STANDARD_LIBRARIES = YES;
				BUNDLE_LOADER = "$(TEST_HOST)";
				CODE_SIGN_STYLE = Automatic;
				INFOPLIST_FILE = TournamentTests/Info.plist;
				LD_RUNPATH_SEARCH_PATHS = (
					"$(inherited)",
					"@executable_path/Frameworks",
					"@loader_path/Frameworks",
				);
				PRODUCT_BUNDLE_IDENTIFIER = Danny.TournamentTests;
				PRODUCT_NAME = "$(TARGET_NAME)";
				SWIFT_VERSION = 4.2;
				TARGETED_DEVICE_FAMILY = "1,2";
				TEST_HOST = "$(BUILT_PRODUCTS_DIR)/Tournament.app/Tournament";
			};
			name = Debug;
		};
		3036A78E219618B10084ECE9 /* Release */ = {
			isa = XCBuildConfiguration;
			buildSettings = {
				ALWAYS_EMBED_SWIFT_STANDARD_LIBRARIES = YES;
				BUNDLE_LOADER = "$(TEST_HOST)";
				CODE_SIGN_STYLE = Automatic;
				INFOPLIST_FILE = TournamentTests/Info.plist;
				LD_RUNPATH_SEARCH_PATHS = (
					"$(inherited)",
					"@executable_path/Frameworks",
					"@loader_path/Frameworks",
				);
				PRODUCT_BUNDLE_IDENTIFIER = Danny.TournamentTests;
				PRODUCT_NAME = "$(TARGET_NAME)";
				SWIFT_VERSION = 4.2;
				TARGETED_DEVICE_FAMILY = "1,2";
				TEST_HOST = "$(BUILT_PRODUCTS_DIR)/Tournament.app/Tournament";
			};
			name = Release;
		};
		3036A790219618B10084ECE9 /* Debug */ = {
			isa = XCBuildConfiguration;
			buildSettings = {
				ALWAYS_EMBED_SWIFT_STANDARD_LIBRARIES = YES;
				CODE_SIGN_STYLE = Automatic;
				INFOPLIST_FILE = TournamentUITests/Info.plist;
				LD_RUNPATH_SEARCH_PATHS = (
					"$(inherited)",
					"@executable_path/Frameworks",
					"@loader_path/Frameworks",
				);
				PRODUCT_BUNDLE_IDENTIFIER = Danny.TournamentUITests;
				PRODUCT_NAME = "$(TARGET_NAME)";
				SWIFT_VERSION = 4.2;
				TARGETED_DEVICE_FAMILY = "1,2";
				TEST_TARGET_NAME = Tournament;
			};
			name = Debug;
		};
		3036A791219618B10084ECE9 /* Release */ = {
			isa = XCBuildConfiguration;
			buildSettings = {
				ALWAYS_EMBED_SWIFT_STANDARD_LIBRARIES = YES;
				CODE_SIGN_STYLE = Automatic;
				INFOPLIST_FILE = TournamentUITests/Info.plist;
				LD_RUNPATH_SEARCH_PATHS = (
					"$(inherited)",
					"@executable_path/Frameworks",
					"@loader_path/Frameworks",
				);
				PRODUCT_BUNDLE_IDENTIFIER = Danny.TournamentUITests;
				PRODUCT_NAME = "$(TARGET_NAME)";
				SWIFT_VERSION = 4.2;
				TARGETED_DEVICE_FAMILY = "1,2";
				TEST_TARGET_NAME = Tournament;
			};
			name = Release;
		};
/* End XCBuildConfiguration section */

/* Begin XCConfigurationList section */
		3036A75C219618AF0084ECE9 /* Build configuration list for PBXProject "Tournament" */ = {
			isa = XCConfigurationList;
			buildConfigurations = (
				3036A787219618B10084ECE9 /* Debug */,
				3036A788219618B10084ECE9 /* Release */,
			);
			defaultConfigurationIsVisible = 0;
			defaultConfigurationName = Release;
		};
		3036A789219618B10084ECE9 /* Build configuration list for PBXNativeTarget "Tournament" */ = {
			isa = XCConfigurationList;
			buildConfigurations = (
				3036A78A219618B10084ECE9 /* Debug */,
				3036A78B219618B10084ECE9 /* Release */,
			);
			defaultConfigurationIsVisible = 0;
			defaultConfigurationName = Release;
		};
		3036A78C219618B10084ECE9 /* Build configuration list for PBXNativeTarget "TournamentTests" */ = {
			isa = XCConfigurationList;
			buildConfigurations = (
				3036A78D219618B10084ECE9 /* Debug */,
				3036A78E219618B10084ECE9 /* Release */,
			);
			defaultConfigurationIsVisible = 0;
			defaultConfigurationName = Release;
		};
		3036A78F219618B10084ECE9 /* Build configuration list for PBXNativeTarget "TournamentUITests" */ = {
			isa = XCConfigurationList;
			buildConfigurations = (
				3036A790219618B10084ECE9 /* Debug */,
				3036A791219618B10084ECE9 /* Release */,
			);
			defaultConfigurationIsVisible = 0;
			defaultConfigurationName = Release;
		};
/* End XCConfigurationList section */
	};
	rootObject = 3036A759219618AF0084ECE9 /* Project object */;
}
